PODS:
  - Masonry (1.1.0)
  - MBProgressHUD (1.0.0)

DEPENDENCIES:
  - Masonry
  - MBProgressHUD

SPEC CHECKSUMS:
  Masonry: 678fab65091a9290e40e2832a55e7ab731aad201
  MBProgressHUD: 4890f671c94e8a0f3cf959aa731e9de2f036d71a

PODFILE CHECKSUM: 728d9362eeff9f75105cbefce63aa67fa36a75f6

COCOAPODS: 1.4.0
