PODS:
  - FZRefresh (1.5.1)
  - Masonry (1.1.0)
  - MBProgressHUD (1.1.0)
  - MJExtension (3.0.13)
  - PNChart (0.8.9):
    - UICountingLabel (~> 1.2.0)
  - UICountingLabel (1.2.0)

DEPENDENCIES:
  - FZRefresh (~> 1.5.1)
  - Masonry
  - MBProgressHUD
  - MJExtension (~> 3.0.13)
  - PNChart

SPEC REPOS:
  https://github.com/cocoapods/specs.git:
    - FZRefresh
    - Masonry
    - MBProgressHUD
    - MJExtension
    - PNChart
    - UICountingLabel

SPEC CHECKSUMS:
  FZRefresh: b5fb24abdf7015bd9b31853839d8b979e30f7377
  Masonry: 678fab65091a9290e40e2832a55e7ab731aad201
  MBProgressHUD: e7baa36a220447d8aeb12769bf0585582f3866d9
  MJExtension: 5932755f451458eefa24239358817f8d291240c7
  PNChart: 84774d225c2126ded6c93d4dbe6ae98c3a73c2d2
  UICountingLabel: 1db4e7d023e1762171eb226d6dff47a7a84f27aa

PODFILE CHECKSUM: 59762f10c533cfb0a6b6d49009187215065df1fb

COCOAPODS: 1.6.0.beta.1
