// !$*UTF8*$!
{
	archiveVersion = 1;
	classes = {
	};
	objectVersion = 48;
	objects = {

/* Begin PBXBuildFile section */
		0312C6FC205A1CD6002323DD /* GCDViewController.m in Sources */ = {isa = PBXBuildFile; fileRef = 0312C6FB205A1CD6002323DD /* GCDViewController.m */; };
		0312C707205A486F002323DD /* 2.jpg in Resources */ = {isa = PBXBuildFile; fileRef = 0312C704205A486E002323DD /* 2.jpg */; };
		0312C708205A486F002323DD /* 1.jpg in Resources */ = {isa = PBXBuildFile; fileRef = 0312C705205A486F002323DD /* 1.jpg */; };
		0312C709205A486F002323DD /* 3.jpg in Resources */ = {isa = PBXBuildFile; fileRef = 0312C706205A486F002323DD /* 3.jpg */; };
		0312C70C205A4DE1002323DD /* TideView.m in Sources */ = {isa = PBXBuildFile; fileRef = 0312C70B205A4DE1002323DD /* TideView.m */; };
		0312C721205A5AE2002323DD /* 西狭颂022.jpg in Resources */ = {isa = PBXBuildFile; fileRef = 0312C70E205A5AE0002323DD /* 西狭颂022.jpg */; };
		0312C722205A5AE2002323DD /* 西狭颂038.jpg in Resources */ = {isa = PBXBuildFile; fileRef = 0312C70F205A5AE1002323DD /* 西狭颂038.jpg */; };
		0312C723205A5AE2002323DD /* 西狭颂024.jpg in Resources */ = {isa = PBXBuildFile; fileRef = 0312C710205A5AE1002323DD /* 西狭颂024.jpg */; };
		0312C724205A5AE2002323DD /* 西狭颂031.jpg in Resources */ = {isa = PBXBuildFile; fileRef = 0312C711205A5AE1002323DD /* 西狭颂031.jpg */; };
		0312C725205A5AE2002323DD /* 西狭颂037.jpg in Resources */ = {isa = PBXBuildFile; fileRef = 0312C712205A5AE1002323DD /* 西狭颂037.jpg */; };
		0312C726205A5AE2002323DD /* 西狭颂025.jpg in Resources */ = {isa = PBXBuildFile; fileRef = 0312C713205A5AE1002323DD /* 西狭颂025.jpg */; };
		0312C727205A5AE2002323DD /* 西狭颂026.jpg in Resources */ = {isa = PBXBuildFile; fileRef = 0312C714205A5AE1002323DD /* 西狭颂026.jpg */; };
		0312C728205A5AE2002323DD /* 西狭颂028.jpg in Resources */ = {isa = PBXBuildFile; fileRef = 0312C715205A5AE1002323DD /* 西狭颂028.jpg */; };
		0312C729205A5AE2002323DD /* 西狭颂033.jpg in Resources */ = {isa = PBXBuildFile; fileRef = 0312C716205A5AE1002323DD /* 西狭颂033.jpg */; };
		0312C72A205A5AE2002323DD /* 西狭颂029.jpg in Resources */ = {isa = PBXBuildFile; fileRef = 0312C717205A5AE1002323DD /* 西狭颂029.jpg */; };
		0312C72B205A5AE2002323DD /* 西狭颂027.jpg in Resources */ = {isa = PBXBuildFile; fileRef = 0312C718205A5AE1002323DD /* 西狭颂027.jpg */; };
		0312C72C205A5AE2002323DD /* 西狭颂030.jpg in Resources */ = {isa = PBXBuildFile; fileRef = 0312C719205A5AE2002323DD /* 西狭颂030.jpg */; };
		0312C72D205A5AE2002323DD /* 西狭颂036.jpg in Resources */ = {isa = PBXBuildFile; fileRef = 0312C71A205A5AE2002323DD /* 西狭颂036.jpg */; };
		0312C72E205A5AE2002323DD /* 西狭颂032.jpg in Resources */ = {isa = PBXBuildFile; fileRef = 0312C71B205A5AE2002323DD /* 西狭颂032.jpg */; };
		0312C72F205A5AE2002323DD /* 西狭颂021.jpg in Resources */ = {isa = PBXBuildFile; fileRef = 0312C71C205A5AE2002323DD /* 西狭颂021.jpg */; };
		0312C730205A5AE2002323DD /* 西狭颂023.jpg in Resources */ = {isa = PBXBuildFile; fileRef = 0312C71D205A5AE2002323DD /* 西狭颂023.jpg */; };
		0312C731205A5AE2002323DD /* 西狭颂034.jpg in Resources */ = {isa = PBXBuildFile; fileRef = 0312C71E205A5AE2002323DD /* 西狭颂034.jpg */; };
		0312C732205A5AE2002323DD /* 西狭颂035.jpg in Resources */ = {isa = PBXBuildFile; fileRef = 0312C71F205A5AE2002323DD /* 西狭颂035.jpg */; };
		0312C747205A65E5002323DD /* 西狭颂002.jpg in Resources */ = {isa = PBXBuildFile; fileRef = 0312C733205A65E2002323DD /* 西狭颂002.jpg */; };
		0312C748205A65E5002323DD /* 西狭颂013.jpg in Resources */ = {isa = PBXBuildFile; fileRef = 0312C734205A65E2002323DD /* 西狭颂013.jpg */; };
		0312C749205A65E5002323DD /* 西狭颂005.jpg in Resources */ = {isa = PBXBuildFile; fileRef = 0312C735205A65E2002323DD /* 西狭颂005.jpg */; };
		0312C74A205A65E5002323DD /* 西狭颂018.jpg in Resources */ = {isa = PBXBuildFile; fileRef = 0312C736205A65E3002323DD /* 西狭颂018.jpg */; };
		0312C74B205A65E5002323DD /* 西狭颂019.jpg in Resources */ = {isa = PBXBuildFile; fileRef = 0312C737205A65E3002323DD /* 西狭颂019.jpg */; };
		0312C74C205A65E5002323DD /* 西狭颂010.jpg in Resources */ = {isa = PBXBuildFile; fileRef = 0312C738205A65E3002323DD /* 西狭颂010.jpg */; };
		0312C74D205A65E5002323DD /* 西狭颂006.jpg in Resources */ = {isa = PBXBuildFile; fileRef = 0312C739205A65E3002323DD /* 西狭颂006.jpg */; };
		0312C74E205A65E5002323DD /* 西狭颂009.jpg in Resources */ = {isa = PBXBuildFile; fileRef = 0312C73A205A65E3002323DD /* 西狭颂009.jpg */; };
		0312C74F205A65E5002323DD /* 西狭颂014.jpg in Resources */ = {isa = PBXBuildFile; fileRef = 0312C73B205A65E3002323DD /* 西狭颂014.jpg */; };
		0312C750205A65E5002323DD /* 西狭颂011.jpg in Resources */ = {isa = PBXBuildFile; fileRef = 0312C73C205A65E3002323DD /* 西狭颂011.jpg */; };
		0312C751205A65E5002323DD /* 西狭颂017.jpg in Resources */ = {isa = PBXBuildFile; fileRef = 0312C73D205A65E3002323DD /* 西狭颂017.jpg */; };
		0312C752205A65E5002323DD /* 西狭颂004.jpg in Resources */ = {isa = PBXBuildFile; fileRef = 0312C73E205A65E4002323DD /* 西狭颂004.jpg */; };
		0312C753205A65E5002323DD /* 西狭颂007.jpg in Resources */ = {isa = PBXBuildFile; fileRef = 0312C73F205A65E4002323DD /* 西狭颂007.jpg */; };
		0312C754205A65E5002323DD /* 西狭颂020.jpg in Resources */ = {isa = PBXBuildFile; fileRef = 0312C740205A65E4002323DD /* 西狭颂020.jpg */; };
		0312C755205A65E5002323DD /* 西狭颂008.jpg in Resources */ = {isa = PBXBuildFile; fileRef = 0312C741205A65E4002323DD /* 西狭颂008.jpg */; };
		0312C756205A65E5002323DD /* 西狭颂015.jpg in Resources */ = {isa = PBXBuildFile; fileRef = 0312C742205A65E4002323DD /* 西狭颂015.jpg */; };
		0312C757205A65E5002323DD /* 西狭颂003.jpg in Resources */ = {isa = PBXBuildFile; fileRef = 0312C743205A65E4002323DD /* 西狭颂003.jpg */; };
		0312C759205A65E5002323DD /* 西狭颂012.jpg in Resources */ = {isa = PBXBuildFile; fileRef = 0312C745205A65E4002323DD /* 西狭颂012.jpg */; };
		0312C75A205A65E5002323DD /* 西狭颂016.jpg in Resources */ = {isa = PBXBuildFile; fileRef = 0312C746205A65E5002323DD /* 西狭颂016.jpg */; };
		0312C75C205A7096002323DD /* 西狭颂040.jpg in Resources */ = {isa = PBXBuildFile; fileRef = 0312C75B205A7095002323DD /* 西狭颂040.jpg */; };
		0312C75E205A709A002323DD /* 西狭颂039.jpg in Resources */ = {isa = PBXBuildFile; fileRef = 0312C75D205A709A002323DD /* 西狭颂039.jpg */; };
		0312C760205A70A4002323DD /* 西狭颂041.jpg in Resources */ = {isa = PBXBuildFile; fileRef = 0312C75F205A70A4002323DD /* 西狭颂041.jpg */; };
		03161D97207C958F003ED51E /* MyTextView.m in Sources */ = {isa = PBXBuildFile; fileRef = 03161D96207C958F003ED51E /* MyTextView.m */; };
		031A00BF212EBA5300257F42 /* PlayerViewController.m in Sources */ = {isa = PBXBuildFile; fileRef = 031A00BE212EBA5300257F42 /* PlayerViewController.m */; };
		031B36CB211D6A3100381FC2 /* CiFilterViewController.m in Sources */ = {isa = PBXBuildFile; fileRef = 031B36CA211D6A3100381FC2 /* CiFilterViewController.m */; };
		031B36CE211D6AF600381FC2 /* ImageUtil.m in Sources */ = {isa = PBXBuildFile; fileRef = 031B36CD211D6AF600381FC2 /* ImageUtil.m */; };
		031B36D0211D6B5F00381FC2 /* IMG_0332.png in Resources */ = {isa = PBXBuildFile; fileRef = 031B36CF211D6B5F00381FC2 /* IMG_0332.png */; };
		031B36D3211D6DB300381FC2 /* CiFilterView.m in Sources */ = {isa = PBXBuildFile; fileRef = 031B36D2211D6DB300381FC2 /* CiFilterView.m */; };
		031B36D6211D73A100381FC2 /* CiFilterModel.m in Sources */ = {isa = PBXBuildFile; fileRef = 031B36D5211D73A100381FC2 /* CiFilterModel.m */; };
		031B36DA211D788900381FC2 /* CiFilterTableViewCell.m in Sources */ = {isa = PBXBuildFile; fileRef = 031B36D8211D788900381FC2 /* CiFilterTableViewCell.m */; };
		031B36DB211D788900381FC2 /* CiFilterTableViewCell.xib in Resources */ = {isa = PBXBuildFile; fileRef = 031B36D9211D788900381FC2 /* CiFilterTableViewCell.xib */; };
		031EA5E92075EAC50042E7A9 /* TideLayerViewController.m in Sources */ = {isa = PBXBuildFile; fileRef = 031EA5E82075EAC50042E7A9 /* TideLayerViewController.m */; };
		033147EB20EF091B00B66FF1 /* WXTransitionManager.m in Sources */ = {isa = PBXBuildFile; fileRef = 033147EA20EF091B00B66FF1 /* WXTransitionManager.m */; };
		0339DD0C204928D7000C7979 /* RealmViewController.m in Sources */ = {isa = PBXBuildFile; fileRef = 0339DD0B204928D7000C7979 /* RealmViewController.m */; };
		0339DD10204929A2000C7979 /* Realm.framework in Frameworks */ = {isa = PBXBuildFile; fileRef = 0339DD0F204929A2000C7979 /* Realm.framework */; settings = {ATTRIBUTES = (Weak, ); }; };
		0339DD13204929C0000C7979 /* Person.m in Sources */ = {isa = PBXBuildFile; fileRef = 0339DD12204929C0000C7979 /* Person.m */; };
		03444B4421197F5200D7C042 /* ProgressView.m in Sources */ = {isa = PBXBuildFile; fileRef = 03444B4321197F5200D7C042 /* ProgressView.m */; };
		0356E0A420F48C6B00B05C1B /* GLTransitionAnimation.m in Sources */ = {isa = PBXBuildFile; fileRef = 0356E0A320F48C6B00B05C1B /* GLTransitionAnimation.m */; };
		03578BA32043A64F0009D91C /* CoreFoundationViewController.m in Sources */ = {isa = PBXBuildFile; fileRef = 03578BA22043A64F0009D91C /* CoreFoundationViewController.m */; };
		03578BA52043A76A0009D91C /* 西狭颂001.jpg in Resources */ = {isa = PBXBuildFile; fileRef = 03578BA42043A76A0009D91C /* 西狭颂001.jpg */; };
		035ECD4C20CE5A33001B4F60 /* TempleViewController.m in Sources */ = {isa = PBXBuildFile; fileRef = 035ECD4B20CE5A33001B4F60 /* TempleViewController.m */; };
		036D675F20C033C800A68F9F /* EncryptionViewController.m in Sources */ = {isa = PBXBuildFile; fileRef = 036D675E20C033C800A68F9F /* EncryptionViewController.m */; };
		037232942064A98C0000BD39 /* CornerTextViewController.m in Sources */ = {isa = PBXBuildFile; fileRef = 037232932064A98C0000BD39 /* CornerTextViewController.m */; };
		037232972064BDED0000BD39 /* CornerTextView.m in Sources */ = {isa = PBXBuildFile; fileRef = 037232962064BDED0000BD39 /* CornerTextView.m */; };
		038F84DD20AD235900B95D50 /* WebViewViewController.m in Sources */ = {isa = PBXBuildFile; fileRef = 038F84DC20AD235900B95D50 /* WebViewViewController.m */; };
		0399C36B20EDBFB800906224 /* TestViewController.m in Sources */ = {isa = PBXBuildFile; fileRef = 0399C36A20EDBFB800906224 /* TestViewController.m */; };
		039A682B21216EF100A2BE8B /* CircularRunout.m in Sources */ = {isa = PBXBuildFile; fileRef = 039A682A21216EF100A2BE8B /* CircularRunout.m */; };
		03A50601202AE66E00BBEAFD /* AppDelegate.m in Sources */ = {isa = PBXBuildFile; fileRef = 03A50600202AE66E00BBEAFD /* AppDelegate.m */; };
		03A50604202AE66E00BBEAFD /* ViewController.m in Sources */ = {isa = PBXBuildFile; fileRef = 03A50603202AE66E00BBEAFD /* ViewController.m */; };
		03A50609202AE66E00BBEAFD /* Assets.xcassets in Resources */ = {isa = PBXBuildFile; fileRef = 03A50608202AE66E00BBEAFD /* Assets.xcassets */; };
		03A5060C202AE66E00BBEAFD /* LaunchScreen.storyboard in Resources */ = {isa = PBXBuildFile; fileRef = 03A5060A202AE66E00BBEAFD /* LaunchScreen.storyboard */; };
		03A5060F202AE66E00BBEAFD /* main.m in Sources */ = {isa = PBXBuildFile; fileRef = 03A5060E202AE66E00BBEAFD /* main.m */; };
		03A50619202AE66E00BBEAFD /* NavigationTestTests.m in Sources */ = {isa = PBXBuildFile; fileRef = 03A50618202AE66E00BBEAFD /* NavigationTestTests.m */; };
		03A50624202AE66E00BBEAFD /* NavigationTestUITests.m in Sources */ = {isa = PBXBuildFile; fileRef = 03A50623202AE66E00BBEAFD /* NavigationTestUITests.m */; };
		03A50636202AEA3E00BBEAFD /* UIViewController+Caterory.m in Sources */ = {isa = PBXBuildFile; fileRef = 03A50635202AEA3E00BBEAFD /* UIViewController+Caterory.m */; };
		03B191D32090904500EF12EB /* QQChatList.png in Resources */ = {isa = PBXBuildFile; fileRef = 03B191D22090904500EF12EB /* QQChatList.png */; };
		03B191D72090908B00EF12EB /* ExmapleViewController.m in Sources */ = {isa = PBXBuildFile; fileRef = 03B191D62090908B00EF12EB /* ExmapleViewController.m */; };
		03B191DA2090920400EF12EB /* BaseViewController.m in Sources */ = {isa = PBXBuildFile; fileRef = 03B191D92090920400EF12EB /* BaseViewController.m */; };
		03C1882720D0FD1E005174DA /* BaseNavigationViewController.m in Sources */ = {isa = PBXBuildFile; fileRef = 03C1882620D0FD1E005174DA /* BaseNavigationViewController.m */; };
		03C1882A20D0FD6C005174DA /* RotateViewController.m in Sources */ = {isa = PBXBuildFile; fileRef = 03C1882920D0FD6C005174DA /* RotateViewController.m */; };
		03C6A43C212C7F4E00313444 /* CustomCollectionViewCell.m in Sources */ = {isa = PBXBuildFile; fileRef = 03C6A43A212C7F4E00313444 /* CustomCollectionViewCell.m */; };
		03CFC7B12046462B0096810F /* CollectionViewController.m in Sources */ = {isa = PBXBuildFile; fileRef = 03CFC7B02046462B0096810F /* CollectionViewController.m */; };
		03CFC7B52046A1730096810F /* FlowLayout.m in Sources */ = {isa = PBXBuildFile; fileRef = 03CFC7B42046A1730096810F /* FlowLayout.m */; };
		03DBF23620849F0000975EAA /* NSPredicateController.m in Sources */ = {isa = PBXBuildFile; fileRef = 03DBF23520849F0000975EAA /* NSPredicateController.m */; };
		03DD19D0208EBEC5003D5D61 /* MainViewController.m in Sources */ = {isa = PBXBuildFile; fileRef = 03DD19CF208EBEC5003D5D61 /* MainViewController.m */; };
		03DD19D3208EC00E003D5D61 /* UserViewController.m in Sources */ = {isa = PBXBuildFile; fileRef = 03DD19D2208EC00E003D5D61 /* UserViewController.m */; };
		03DD19D6208F0E04003D5D61 /* UIViewController+SlidMenu.m in Sources */ = {isa = PBXBuildFile; fileRef = 03DD19D5208F0E04003D5D61 /* UIViewController+SlidMenu.m */; };
		03DD19DB208F2250003D5D61 /* PNChartViewController.m in Sources */ = {isa = PBXBuildFile; fileRef = 03DD19DA208F2250003D5D61 /* PNChartViewController.m */; };
		03E64A02205F58280041AFCE /* MBProgressHUD+Add.m in Sources */ = {isa = PBXBuildFile; fileRef = 03E64A01205F58270041AFCE /* MBProgressHUD+Add.m */; };
		03EA3393204CE0510060FC7F /* TextKitUViewController.m in Sources */ = {isa = PBXBuildFile; fileRef = 03EA3392204CE0510060FC7F /* TextKitUViewController.m */; };
		66EBB88897FF2C5C62CB86EA /* Pods_NavigationTest.framework in Frameworks */ = {isa = PBXBuildFile; fileRef = 6BD808372B865E550F103FA2 /* Pods_NavigationTest.framework */; };
/* End PBXBuildFile section */

/* Begin PBXContainerItemProxy section */
		03A50615202AE66E00BBEAFD /* PBXContainerItemProxy */ = {
			isa = PBXContainerItemProxy;
			containerPortal = 03A505F4202AE66E00BBEAFD /* Project object */;
			proxyType = 1;
			remoteGlobalIDString = 03A505FB202AE66E00BBEAFD;
			remoteInfo = NavigationTest;
		};
		03A50620202AE66E00BBEAFD /* PBXContainerItemProxy */ = {
			isa = PBXContainerItemProxy;
			containerPortal = 03A505F4202AE66E00BBEAFD /* Project object */;
			proxyType = 1;
			remoteGlobalIDString = 03A505FB202AE66E00BBEAFD;
			remoteInfo = NavigationTest;
		};
/* End PBXContainerItemProxy section */

/* Begin PBXFileReference section */
		0312C6FA205A1CD6002323DD /* GCDViewController.h */ = {isa = PBXFileReference; lastKnownFileType = sourcecode.c.h; path = GCDViewController.h; sourceTree = "<group>"; };
		0312C6FB205A1CD6002323DD /* GCDViewController.m */ = {isa = PBXFileReference; lastKnownFileType = sourcecode.c.objc; path = GCDViewController.m; sourceTree = "<group>"; };
		0312C704205A486E002323DD /* 2.jpg */ = {isa = PBXFileReference; lastKnownFileType = image.jpeg; path = 2.jpg; sourceTree = "<group>"; };
		0312C705205A486F002323DD /* 1.jpg */ = {isa = PBXFileReference; lastKnownFileType = image.jpeg; path = 1.jpg; sourceTree = "<group>"; };
		0312C706205A486F002323DD /* 3.jpg */ = {isa = PBXFileReference; lastKnownFileType = image.jpeg; path = 3.jpg; sourceTree = "<group>"; };
		0312C70A205A4DE1002323DD /* TideView.h */ = {isa = PBXFileReference; lastKnownFileType = sourcecode.c.h; path = TideView.h; sourceTree = "<group>"; };
		0312C70B205A4DE1002323DD /* TideView.m */ = {isa = PBXFileReference; lastKnownFileType = sourcecode.c.objc; path = TideView.m; sourceTree = "<group>"; };
		0312C70E205A5AE0002323DD /* 西狭颂022.jpg */ = {isa = PBXFileReference; lastKnownFileType = image.jpeg; path = "西狭颂022.jpg"; sourceTree = "<group>"; };
		0312C70F205A5AE1002323DD /* 西狭颂038.jpg */ = {isa = PBXFileReference; lastKnownFileType = image.jpeg; path = "西狭颂038.jpg"; sourceTree = "<group>"; };
		0312C710205A5AE1002323DD /* 西狭颂024.jpg */ = {isa = PBXFileReference; lastKnownFileType = image.jpeg; path = "西狭颂024.jpg"; sourceTree = "<group>"; };
		0312C711205A5AE1002323DD /* 西狭颂031.jpg */ = {isa = PBXFileReference; lastKnownFileType = image.jpeg; path = "西狭颂031.jpg"; sourceTree = "<group>"; };
		0312C712205A5AE1002323DD /* 西狭颂037.jpg */ = {isa = PBXFileReference; lastKnownFileType = image.jpeg; path = "西狭颂037.jpg"; sourceTree = "<group>"; };
		0312C713205A5AE1002323DD /* 西狭颂025.jpg */ = {isa = PBXFileReference; lastKnownFileType = image.jpeg; path = "西狭颂025.jpg"; sourceTree = "<group>"; };
		0312C714205A5AE1002323DD /* 西狭颂026.jpg */ = {isa = PBXFileReference; lastKnownFileType = image.jpeg; path = "西狭颂026.jpg"; sourceTree = "<group>"; };
		0312C715205A5AE1002323DD /* 西狭颂028.jpg */ = {isa = PBXFileReference; lastKnownFileType = image.jpeg; path = "西狭颂028.jpg"; sourceTree = "<group>"; };
		0312C716205A5AE1002323DD /* 西狭颂033.jpg */ = {isa = PBXFileReference; lastKnownFileType = image.jpeg; path = "西狭颂033.jpg"; sourceTree = "<group>"; };
		0312C717205A5AE1002323DD /* 西狭颂029.jpg */ = {isa = PBXFileReference; lastKnownFileType = image.jpeg; path = "西狭颂029.jpg"; sourceTree = "<group>"; };
		0312C718205A5AE1002323DD /* 西狭颂027.jpg */ = {isa = PBXFileReference; lastKnownFileType = image.jpeg; path = "西狭颂027.jpg"; sourceTree = "<group>"; };
		0312C719205A5AE2002323DD /* 西狭颂030.jpg */ = {isa = PBXFileReference; lastKnownFileType = image.jpeg; path = "西狭颂030.jpg"; sourceTree = "<group>"; };
		0312C71A205A5AE2002323DD /* 西狭颂036.jpg */ = {isa = PBXFileReference; lastKnownFileType = image.jpeg; path = "西狭颂036.jpg"; sourceTree = "<group>"; };
		0312C71B205A5AE2002323DD /* 西狭颂032.jpg */ = {isa = PBXFileReference; lastKnownFileType = image.jpeg; path = "西狭颂032.jpg"; sourceTree = "<group>"; };
		0312C71C205A5AE2002323DD /* 西狭颂021.jpg */ = {isa = PBXFileReference; lastKnownFileType = image.jpeg; path = "西狭颂021.jpg"; sourceTree = "<group>"; };
		0312C71D205A5AE2002323DD /* 西狭颂023.jpg */ = {isa = PBXFileReference; lastKnownFileType = image.jpeg; path = "西狭颂023.jpg"; sourceTree = "<group>"; };
		0312C71E205A5AE2002323DD /* 西狭颂034.jpg */ = {isa = PBXFileReference; lastKnownFileType = image.jpeg; path = "西狭颂034.jpg"; sourceTree = "<group>"; };
		0312C71F205A5AE2002323DD /* 西狭颂035.jpg */ = {isa = PBXFileReference; lastKnownFileType = image.jpeg; path = "西狭颂035.jpg"; sourceTree = "<group>"; };
		0312C733205A65E2002323DD /* 西狭颂002.jpg */ = {isa = PBXFileReference; lastKnownFileType = image.jpeg; path = "西狭颂002.jpg"; sourceTree = "<group>"; };
		0312C734205A65E2002323DD /* 西狭颂013.jpg */ = {isa = PBXFileReference; lastKnownFileType = image.jpeg; path = "西狭颂013.jpg"; sourceTree = "<group>"; };
		0312C735205A65E2002323DD /* 西狭颂005.jpg */ = {isa = PBXFileReference; lastKnownFileType = image.jpeg; path = "西狭颂005.jpg"; sourceTree = "<group>"; };
		0312C736205A65E3002323DD /* 西狭颂018.jpg */ = {isa = PBXFileReference; lastKnownFileType = image.jpeg; path = "西狭颂018.jpg"; sourceTree = "<group>"; };
		0312C737205A65E3002323DD /* 西狭颂019.jpg */ = {isa = PBXFileReference; lastKnownFileType = image.jpeg; path = "西狭颂019.jpg"; sourceTree = "<group>"; };
		0312C738205A65E3002323DD /* 西狭颂010.jpg */ = {isa = PBXFileReference; lastKnownFileType = image.jpeg; path = "西狭颂010.jpg"; sourceTree = "<group>"; };
		0312C739205A65E3002323DD /* 西狭颂006.jpg */ = {isa = PBXFileReference; lastKnownFileType = image.jpeg; path = "西狭颂006.jpg"; sourceTree = "<group>"; };
		0312C73A205A65E3002323DD /* 西狭颂009.jpg */ = {isa = PBXFileReference; lastKnownFileType = image.jpeg; path = "西狭颂009.jpg"; sourceTree = "<group>"; };
		0312C73B205A65E3002323DD /* 西狭颂014.jpg */ = {isa = PBXFileReference; lastKnownFileType = image.jpeg; path = "西狭颂014.jpg"; sourceTree = "<group>"; };
		0312C73C205A65E3002323DD /* 西狭颂011.jpg */ = {isa = PBXFileReference; lastKnownFileType = image.jpeg; path = "西狭颂011.jpg"; sourceTree = "<group>"; };
		0312C73D205A65E3002323DD /* 西狭颂017.jpg */ = {isa = PBXFileReference; lastKnownFileType = image.jpeg; path = "西狭颂017.jpg"; sourceTree = "<group>"; };
		0312C73E205A65E4002323DD /* 西狭颂004.jpg */ = {isa = PBXFileReference; lastKnownFileType = image.jpeg; path = "西狭颂004.jpg"; sourceTree = "<group>"; };
		0312C73F205A65E4002323DD /* 西狭颂007.jpg */ = {isa = PBXFileReference; lastKnownFileType = image.jpeg; path = "西狭颂007.jpg"; sourceTree = "<group>"; };
		0312C740205A65E4002323DD /* 西狭颂020.jpg */ = {isa = PBXFileReference; lastKnownFileType = image.jpeg; path = "西狭颂020.jpg"; sourceTree = "<group>"; };
		0312C741205A65E4002323DD /* 西狭颂008.jpg */ = {isa = PBXFileReference; lastKnownFileType = image.jpeg; path = "西狭颂008.jpg"; sourceTree = "<group>"; };
		0312C742205A65E4002323DD /* 西狭颂015.jpg */ = {isa = PBXFileReference; lastKnownFileType = image.jpeg; path = "西狭颂015.jpg"; sourceTree = "<group>"; };
		0312C743205A65E4002323DD /* 西狭颂003.jpg */ = {isa = PBXFileReference; lastKnownFileType = image.jpeg; path = "西狭颂003.jpg"; sourceTree = "<group>"; };
		0312C745205A65E4002323DD /* 西狭颂012.jpg */ = {isa = PBXFileReference; lastKnownFileType = image.jpeg; path = "西狭颂012.jpg"; sourceTree = "<group>"; };
		0312C746205A65E5002323DD /* 西狭颂016.jpg */ = {isa = PBXFileReference; lastKnownFileType = image.jpeg; path = "西狭颂016.jpg"; sourceTree = "<group>"; };
		0312C75B205A7095002323DD /* 西狭颂040.jpg */ = {isa = PBXFileReference; lastKnownFileType = image.jpeg; path = "西狭颂040.jpg"; sourceTree = "<group>"; };
		0312C75D205A709A002323DD /* 西狭颂039.jpg */ = {isa = PBXFileReference; lastKnownFileType = image.jpeg; path = "西狭颂039.jpg"; sourceTree = "<group>"; };
		0312C75F205A70A4002323DD /* 西狭颂041.jpg */ = {isa = PBXFileReference; lastKnownFileType = image.jpeg; path = "西狭颂041.jpg"; sourceTree = "<group>"; };
		03161D95207C958F003ED51E /* MyTextView.h */ = {isa = PBXFileReference; lastKnownFileType = sourcecode.c.h; path = MyTextView.h; sourceTree = "<group>"; };
		03161D96207C958F003ED51E /* MyTextView.m */ = {isa = PBXFileReference; lastKnownFileType = sourcecode.c.objc; path = MyTextView.m; sourceTree = "<group>"; };
		031A00BD212EBA5300257F42 /* PlayerViewController.h */ = {isa = PBXFileReference; lastKnownFileType = sourcecode.c.h; path = PlayerViewController.h; sourceTree = "<group>"; };
		031A00BE212EBA5300257F42 /* PlayerViewController.m */ = {isa = PBXFileReference; lastKnownFileType = sourcecode.c.objc; path = PlayerViewController.m; sourceTree = "<group>"; };
		031B36C9211D6A3100381FC2 /* CiFilterViewController.h */ = {isa = PBXFileReference; lastKnownFileType = sourcecode.c.h; path = CiFilterViewController.h; sourceTree = "<group>"; };
		031B36CA211D6A3100381FC2 /* CiFilterViewController.m */ = {isa = PBXFileReference; lastKnownFileType = sourcecode.c.objc; path = CiFilterViewController.m; sourceTree = "<group>"; };
		031B36CC211D6AF600381FC2 /* ImageUtil.h */ = {isa = PBXFileReference; fileEncoding = 4; lastKnownFileType = sourcecode.c.h; path = ImageUtil.h; sourceTree = "<group>"; };
		031B36CD211D6AF600381FC2 /* ImageUtil.m */ = {isa = PBXFileReference; fileEncoding = 4; lastKnownFileType = sourcecode.c.objc; path = ImageUtil.m; sourceTree = "<group>"; };
		031B36CF211D6B5F00381FC2 /* IMG_0332.png */ = {isa = PBXFileReference; lastKnownFileType = image.png; path = IMG_0332.png; sourceTree = "<group>"; };
		031B36D1211D6DB300381FC2 /* CiFilterView.h */ = {isa = PBXFileReference; lastKnownFileType = sourcecode.c.h; path = CiFilterView.h; sourceTree = "<group>"; };
		031B36D2211D6DB300381FC2 /* CiFilterView.m */ = {isa = PBXFileReference; lastKnownFileType = sourcecode.c.objc; path = CiFilterView.m; sourceTree = "<group>"; };
		031B36D4211D73A100381FC2 /* CiFilterModel.h */ = {isa = PBXFileReference; lastKnownFileType = sourcecode.c.h; path = CiFilterModel.h; sourceTree = "<group>"; };
		031B36D5211D73A100381FC2 /* CiFilterModel.m */ = {isa = PBXFileReference; lastKnownFileType = sourcecode.c.objc; path = CiFilterModel.m; sourceTree = "<group>"; };
		031B36D7211D788900381FC2 /* CiFilterTableViewCell.h */ = {isa = PBXFileReference; lastKnownFileType = sourcecode.c.h; path = CiFilterTableViewCell.h; sourceTree = "<group>"; };
		031B36D8211D788900381FC2 /* CiFilterTableViewCell.m */ = {isa = PBXFileReference; lastKnownFileType = sourcecode.c.objc; path = CiFilterTableViewCell.m; sourceTree = "<group>"; };
		031B36D9211D788900381FC2 /* CiFilterTableViewCell.xib */ = {isa = PBXFileReference; lastKnownFileType = file.xib; path = CiFilterTableViewCell.xib; sourceTree = "<group>"; };
		031EA5E72075EAC50042E7A9 /* TideLayerViewController.h */ = {isa = PBXFileReference; lastKnownFileType = sourcecode.c.h; path = TideLayerViewController.h; sourceTree = "<group>"; };
		031EA5E82075EAC50042E7A9 /* TideLayerViewController.m */ = {isa = PBXFileReference; lastKnownFileType = sourcecode.c.objc; path = TideLayerViewController.m; sourceTree = "<group>"; };
		033147E920EF091B00B66FF1 /* WXTransitionManager.h */ = {isa = PBXFileReference; lastKnownFileType = sourcecode.c.h; path = WXTransitionManager.h; sourceTree = "<group>"; };
		033147EA20EF091B00B66FF1 /* WXTransitionManager.m */ = {isa = PBXFileReference; lastKnownFileType = sourcecode.c.objc; path = WXTransitionManager.m; sourceTree = "<group>"; };
		0339DD0A204928D7000C7979 /* RealmViewController.h */ = {isa = PBXFileReference; lastKnownFileType = sourcecode.c.h; path = RealmViewController.h; sourceTree = "<group>"; };
		0339DD0B204928D7000C7979 /* RealmViewController.m */ = {isa = PBXFileReference; lastKnownFileType = sourcecode.c.objc; path = RealmViewController.m; sourceTree = "<group>"; };
		0339DD0F204929A2000C7979 /* Realm.framework */ = {isa = PBXFileReference; lastKnownFileType = wrapper.framework; path = Realm.framework; sourceTree = "<group>"; };
		0339DD11204929C0000C7979 /* Person.h */ = {isa = PBXFileReference; lastKnownFileType = sourcecode.c.h; path = Person.h; sourceTree = "<group>"; };
		0339DD12204929C0000C7979 /* Person.m */ = {isa = PBXFileReference; lastKnownFileType = sourcecode.c.objc; path = Person.m; sourceTree = "<group>"; };
		03444B4221197F5200D7C042 /* ProgressView.h */ = {isa = PBXFileReference; lastKnownFileType = sourcecode.c.h; path = ProgressView.h; sourceTree = "<group>"; };
		03444B4321197F5200D7C042 /* ProgressView.m */ = {isa = PBXFileReference; lastKnownFileType = sourcecode.c.objc; path = ProgressView.m; sourceTree = "<group>"; };
		0356E0A220F48C6B00B05C1B /* GLTransitionAnimation.h */ = {isa = PBXFileReference; fileEncoding = 4; lastKnownFileType = sourcecode.c.h; path = GLTransitionAnimation.h; sourceTree = "<group>"; };
		0356E0A320F48C6B00B05C1B /* GLTransitionAnimation.m */ = {isa = PBXFileReference; fileEncoding = 4; lastKnownFileType = sourcecode.c.objc; path = GLTransitionAnimation.m; sourceTree = "<group>"; };
		03578BA12043A64F0009D91C /* CoreFoundationViewController.h */ = {isa = PBXFileReference; lastKnownFileType = sourcecode.c.h; path = CoreFoundationViewController.h; sourceTree = "<group>"; };
		03578BA22043A64F0009D91C /* CoreFoundationViewController.m */ = {isa = PBXFileReference; lastKnownFileType = sourcecode.c.objc; path = CoreFoundationViewController.m; sourceTree = "<group>"; };
		03578BA42043A76A0009D91C /* 西狭颂001.jpg */ = {isa = PBXFileReference; lastKnownFileType = image.jpeg; path = "西狭颂001.jpg"; sourceTree = "<group>"; };
		035ECD4A20CE5A33001B4F60 /* TempleViewController.h */ = {isa = PBXFileReference; lastKnownFileType = sourcecode.c.h; path = TempleViewController.h; sourceTree = "<group>"; };
		035ECD4B20CE5A33001B4F60 /* TempleViewController.m */ = {isa = PBXFileReference; lastKnownFileType = sourcecode.c.objc; path = TempleViewController.m; sourceTree = "<group>"; };
		03612A6820B8479F009E4381 /* PNChartViewController+Extension.h */ = {isa = PBXFileReference; lastKnownFileType = sourcecode.c.h; path = "PNChartViewController+Extension.h"; sourceTree = "<group>"; };
		036D675D20C033C800A68F9F /* EncryptionViewController.h */ = {isa = PBXFileReference; lastKnownFileType = sourcecode.c.h; path = EncryptionViewController.h; sourceTree = "<group>"; };
		036D675E20C033C800A68F9F /* EncryptionViewController.m */ = {isa = PBXFileReference; lastKnownFileType = sourcecode.c.objc; path = EncryptionViewController.m; sourceTree = "<group>"; };
		037232922064A98C0000BD39 /* CornerTextViewController.h */ = {isa = PBXFileReference; lastKnownFileType = sourcecode.c.h; path = CornerTextViewController.h; sourceTree = "<group>"; };
		037232932064A98C0000BD39 /* CornerTextViewController.m */ = {isa = PBXFileReference; lastKnownFileType = sourcecode.c.objc; path = CornerTextViewController.m; sourceTree = "<group>"; };
		037232952064BDED0000BD39 /* CornerTextView.h */ = {isa = PBXFileReference; lastKnownFileType = sourcecode.c.h; path = CornerTextView.h; sourceTree = "<group>"; };
		037232962064BDED0000BD39 /* CornerTextView.m */ = {isa = PBXFileReference; lastKnownFileType = sourcecode.c.objc; path = CornerTextView.m; sourceTree = "<group>"; };
		038F84DB20AD235900B95D50 /* WebViewViewController.h */ = {isa = PBXFileReference; lastKnownFileType = sourcecode.c.h; path = WebViewViewController.h; sourceTree = "<group>"; };
		038F84DC20AD235900B95D50 /* WebViewViewController.m */ = {isa = PBXFileReference; lastKnownFileType = sourcecode.c.objc; path = WebViewViewController.m; sourceTree = "<group>"; };
		0399C36920EDBFB800906224 /* TestViewController.h */ = {isa = PBXFileReference; lastKnownFileType = sourcecode.c.h; path = TestViewController.h; sourceTree = "<group>"; };
		0399C36A20EDBFB800906224 /* TestViewController.m */ = {isa = PBXFileReference; lastKnownFileType = sourcecode.c.objc; path = TestViewController.m; sourceTree = "<group>"; };
		039A682921216EF100A2BE8B /* CircularRunout.h */ = {isa = PBXFileReference; lastKnownFileType = sourcecode.c.h; path = CircularRunout.h; sourceTree = "<group>"; };
		039A682A21216EF100A2BE8B /* CircularRunout.m */ = {isa = PBXFileReference; lastKnownFileType = sourcecode.c.objc; path = CircularRunout.m; sourceTree = "<group>"; };
		03A505FC202AE66E00BBEAFD /* NavigationTest.app */ = {isa = PBXFileReference; explicitFileType = wrapper.application; includeInIndex = 0; path = NavigationTest.app; sourceTree = BUILT_PRODUCTS_DIR; };
		03A505FF202AE66E00BBEAFD /* AppDelegate.h */ = {isa = PBXFileReference; lastKnownFileType = sourcecode.c.h; path = AppDelegate.h; sourceTree = "<group>"; };
		03A50600202AE66E00BBEAFD /* AppDelegate.m */ = {isa = PBXFileReference; lastKnownFileType = sourcecode.c.objc; path = AppDelegate.m; sourceTree = "<group>"; };
		03A50602202AE66E00BBEAFD /* ViewController.h */ = {isa = PBXFileReference; lastKnownFileType = sourcecode.c.h; path = ViewController.h; sourceTree = "<group>"; };
		03A50603202AE66E00BBEAFD /* ViewController.m */ = {isa = PBXFileReference; lastKnownFileType = sourcecode.c.objc; path = ViewController.m; sourceTree = "<group>"; };
		03A50608202AE66E00BBEAFD /* Assets.xcassets */ = {isa = PBXFileReference; lastKnownFileType = folder.assetcatalog; path = Assets.xcassets; sourceTree = "<group>"; };
		03A5060B202AE66E00BBEAFD /* Base */ = {isa = PBXFileReference; lastKnownFileType = file.storyboard; name = Base; path = Base.lproj/LaunchScreen.storyboard; sourceTree = "<group>"; };
		03A5060D202AE66E00BBEAFD /* Info.plist */ = {isa = PBXFileReference; lastKnownFileType = text.plist.xml; path = Info.plist; sourceTree = "<group>"; };
		03A5060E202AE66E00BBEAFD /* main.m */ = {isa = PBXFileReference; lastKnownFileType = sourcecode.c.objc; path = main.m; sourceTree = "<group>"; };
		03A50614202AE66E00BBEAFD /* NavigationTestTests.xctest */ = {isa = PBXFileReference; explicitFileType = wrapper.cfbundle; includeInIndex = 0; path = NavigationTestTests.xctest; sourceTree = BUILT_PRODUCTS_DIR; };
		03A50618202AE66E00BBEAFD /* NavigationTestTests.m */ = {isa = PBXFileReference; lastKnownFileType = sourcecode.c.objc; path = NavigationTestTests.m; sourceTree = "<group>"; };
		03A5061A202AE66E00BBEAFD /* Info.plist */ = {isa = PBXFileReference; lastKnownFileType = text.plist.xml; path = Info.plist; sourceTree = "<group>"; };
		03A5061F202AE66E00BBEAFD /* NavigationTestUITests.xctest */ = {isa = PBXFileReference; explicitFileType = wrapper.cfbundle; includeInIndex = 0; path = NavigationTestUITests.xctest; sourceTree = BUILT_PRODUCTS_DIR; };
		03A50623202AE66E00BBEAFD /* NavigationTestUITests.m */ = {isa = PBXFileReference; lastKnownFileType = sourcecode.c.objc; path = NavigationTestUITests.m; sourceTree = "<group>"; };
		03A50625202AE66E00BBEAFD /* Info.plist */ = {isa = PBXFileReference; lastKnownFileType = text.plist.xml; path = Info.plist; sourceTree = "<group>"; };
		03A50634202AEA3E00BBEAFD /* UIViewController+Caterory.h */ = {isa = PBXFileReference; lastKnownFileType = sourcecode.c.h; path = "UIViewController+Caterory.h"; sourceTree = "<group>"; };
		03A50635202AEA3E00BBEAFD /* UIViewController+Caterory.m */ = {isa = PBXFileReference; lastKnownFileType = sourcecode.c.objc; path = "UIViewController+Caterory.m"; sourceTree = "<group>"; };
		03B191D22090904500EF12EB /* QQChatList.png */ = {isa = PBXFileReference; lastKnownFileType = image.png; path = QQChatList.png; sourceTree = "<group>"; };
		03B191D52090908B00EF12EB /* ExmapleViewController.h */ = {isa = PBXFileReference; lastKnownFileType = sourcecode.c.h; path = ExmapleViewController.h; sourceTree = "<group>"; };
		03B191D62090908B00EF12EB /* ExmapleViewController.m */ = {isa = PBXFileReference; lastKnownFileType = sourcecode.c.objc; path = ExmapleViewController.m; sourceTree = "<group>"; };
		03B191D82090920400EF12EB /* BaseViewController.h */ = {isa = PBXFileReference; lastKnownFileType = sourcecode.c.h; path = BaseViewController.h; sourceTree = "<group>"; };
		03B191D92090920400EF12EB /* BaseViewController.m */ = {isa = PBXFileReference; lastKnownFileType = sourcecode.c.objc; path = BaseViewController.m; sourceTree = "<group>"; };
		03C1882520D0FD1E005174DA /* BaseNavigationViewController.h */ = {isa = PBXFileReference; lastKnownFileType = sourcecode.c.h; path = BaseNavigationViewController.h; sourceTree = "<group>"; };
		03C1882620D0FD1E005174DA /* BaseNavigationViewController.m */ = {isa = PBXFileReference; lastKnownFileType = sourcecode.c.objc; path = BaseNavigationViewController.m; sourceTree = "<group>"; };
		03C1882820D0FD6C005174DA /* RotateViewController.h */ = {isa = PBXFileReference; lastKnownFileType = sourcecode.c.h; path = RotateViewController.h; sourceTree = "<group>"; };
		03C1882920D0FD6C005174DA /* RotateViewController.m */ = {isa = PBXFileReference; lastKnownFileType = sourcecode.c.objc; path = RotateViewController.m; sourceTree = "<group>"; };
		03C6A43A212C7F4E00313444 /* CustomCollectionViewCell.m */ = {isa = PBXFileReference; fileEncoding = 4; lastKnownFileType = sourcecode.c.objc; path = CustomCollectionViewCell.m; sourceTree = "<group>"; };
		03C6A43B212C7F4E00313444 /* CustomCollectionViewCell.h */ = {isa = PBXFileReference; fileEncoding = 4; lastKnownFileType = sourcecode.c.h; path = CustomCollectionViewCell.h; sourceTree = "<group>"; };
		03CFC7AF2046462B0096810F /* CollectionViewController.h */ = {isa = PBXFileReference; lastKnownFileType = sourcecode.c.h; path = CollectionViewController.h; sourceTree = "<group>"; };
		03CFC7B02046462B0096810F /* CollectionViewController.m */ = {isa = PBXFileReference; lastKnownFileType = sourcecode.c.objc; path = CollectionViewController.m; sourceTree = "<group>"; };
		03CFC7B32046A1730096810F /* FlowLayout.h */ = {isa = PBXFileReference; lastKnownFileType = sourcecode.c.h; path = FlowLayout.h; sourceTree = "<group>"; };
		03CFC7B42046A1730096810F /* FlowLayout.m */ = {isa = PBXFileReference; lastKnownFileType = sourcecode.c.objc; path = FlowLayout.m; sourceTree = "<group>"; };
		03DBF23420849F0000975EAA /* NSPredicateController.h */ = {isa = PBXFileReference; lastKnownFileType = sourcecode.c.h; path = NSPredicateController.h; sourceTree = "<group>"; };
		03DBF23520849F0000975EAA /* NSPredicateController.m */ = {isa = PBXFileReference; lastKnownFileType = sourcecode.c.objc; path = NSPredicateController.m; sourceTree = "<group>"; };
		03DD19CE208EBEC5003D5D61 /* MainViewController.h */ = {isa = PBXFileReference; lastKnownFileType = sourcecode.c.h; path = MainViewController.h; sourceTree = "<group>"; };
		03DD19CF208EBEC5003D5D61 /* MainViewController.m */ = {isa = PBXFileReference; lastKnownFileType = sourcecode.c.objc; path = MainViewController.m; sourceTree = "<group>"; };
		03DD19D1208EC00E003D5D61 /* UserViewController.h */ = {isa = PBXFileReference; lastKnownFileType = sourcecode.c.h; path = UserViewController.h; sourceTree = "<group>"; };
		03DD19D2208EC00E003D5D61 /* UserViewController.m */ = {isa = PBXFileReference; lastKnownFileType = sourcecode.c.objc; path = UserViewController.m; sourceTree = "<group>"; };
		03DD19D4208F0E04003D5D61 /* UIViewController+SlidMenu.h */ = {isa = PBXFileReference; lastKnownFileType = sourcecode.c.h; path = "UIViewController+SlidMenu.h"; sourceTree = "<group>"; };
		03DD19D5208F0E04003D5D61 /* UIViewController+SlidMenu.m */ = {isa = PBXFileReference; lastKnownFileType = sourcecode.c.objc; path = "UIViewController+SlidMenu.m"; sourceTree = "<group>"; };
		03DD19D7208F21D9003D5D61 /* PrefixHeader.pch */ = {isa = PBXFileReference; lastKnownFileType = sourcecode.c.h; path = PrefixHeader.pch; sourceTree = "<group>"; };
		03DD19D9208F2250003D5D61 /* PNChartViewController.h */ = {isa = PBXFileReference; lastKnownFileType = sourcecode.c.h; path = PNChartViewController.h; sourceTree = "<group>"; };
		03DD19DA208F2250003D5D61 /* PNChartViewController.m */ = {isa = PBXFileReference; lastKnownFileType = sourcecode.c.objc; path = PNChartViewController.m; sourceTree = "<group>"; };
		03E64A00205F58270041AFCE /* MBProgressHUD+Add.h */ = {isa = PBXFileReference; fileEncoding = 4; lastKnownFileType = sourcecode.c.h; path = "MBProgressHUD+Add.h"; sourceTree = "<group>"; };
		03E64A01205F58270041AFCE /* MBProgressHUD+Add.m */ = {isa = PBXFileReference; fileEncoding = 4; lastKnownFileType = sourcecode.c.objc; path = "MBProgressHUD+Add.m"; sourceTree = "<group>"; };
		03EA3391204CE0510060FC7F /* TextKitUViewController.h */ = {isa = PBXFileReference; lastKnownFileType = sourcecode.c.h; path = TextKitUViewController.h; sourceTree = "<group>"; };
		03EA3392204CE0510060FC7F /* TextKitUViewController.m */ = {isa = PBXFileReference; lastKnownFileType = sourcecode.c.objc; path = TextKitUViewController.m; sourceTree = "<group>"; };
		22C499E2252E0BCC3266A31A /* Pods-NavigationTest.release.xcconfig */ = {isa = PBXFileReference; includeInIndex = 1; lastKnownFileType = text.xcconfig; name = "Pods-NavigationTest.release.xcconfig"; path = "Pods/Target Support Files/Pods-NavigationTest/Pods-NavigationTest.release.xcconfig"; sourceTree = "<group>"; };
		338305CC1E3114EA25E46EF5 /* Pods-NavigationTest.debug.xcconfig */ = {isa = PBXFileReference; includeInIndex = 1; lastKnownFileType = text.xcconfig; name = "Pods-NavigationTest.debug.xcconfig"; path = "Pods/Target Support Files/Pods-NavigationTest/Pods-NavigationTest.debug.xcconfig"; sourceTree = "<group>"; };
		6BD808372B865E550F103FA2 /* Pods_NavigationTest.framework */ = {isa = PBXFileReference; explicitFileType = wrapper.framework; includeInIndex = 0; path = Pods_NavigationTest.framework; sourceTree = BUILT_PRODUCTS_DIR; };
/* End PBXFileReference section */

/* Begin PBXFrameworksBuildPhase section */
		03A505F9202AE66E00BBEAFD /* Frameworks */ = {
			isa = PBXFrameworksBuildPhase;
			buildActionMask = 2147483647;
			files = (
				0339DD10204929A2000C7979 /* Realm.framework in Frameworks */,
				66EBB88897FF2C5C62CB86EA /* Pods_NavigationTest.framework in Frameworks */,
			);
			runOnlyForDeploymentPostprocessing = 0;
		};
		03A50611202AE66E00BBEAFD /* Frameworks */ = {
			isa = PBXFrameworksBuildPhase;
			buildActionMask = 2147483647;
			files = (
			);
			runOnlyForDeploymentPostprocessing = 0;
		};
		03A5061C202AE66E00BBEAFD /* Frameworks */ = {
			isa = PBXFrameworksBuildPhase;
			buildActionMask = 2147483647;
			files = (
			);
			runOnlyForDeploymentPostprocessing = 0;
		};
/* End PBXFrameworksBuildPhase section */

/* Begin PBXGroup section */
		0312C6F9205A1CBE002323DD /* GCD */ = {
			isa = PBXGroup;
			children = (
				0312C6FA205A1CD6002323DD /* GCDViewController.h */,
				0312C6FB205A1CD6002323DD /* GCDViewController.m */,
				0312C70A205A4DE1002323DD /* TideView.h */,
				0312C70B205A4DE1002323DD /* TideView.m */,
			);
			path = GCD;
			sourceTree = "<group>";
		};
		0312C6FD205A4116002323DD /* Resource */ = {
			isa = PBXGroup;
			children = (
				03578BA42043A76A0009D91C /* 西狭颂001.jpg */,
				0312C71C205A5AE2002323DD /* 西狭颂021.jpg */,
				0312C70E205A5AE0002323DD /* 西狭颂022.jpg */,
				0312C71D205A5AE2002323DD /* 西狭颂023.jpg */,
				0312C733205A65E2002323DD /* 西狭颂002.jpg */,
				0312C743205A65E4002323DD /* 西狭颂003.jpg */,
				0312C73E205A65E4002323DD /* 西狭颂004.jpg */,
				0312C735205A65E2002323DD /* 西狭颂005.jpg */,
				0312C739205A65E3002323DD /* 西狭颂006.jpg */,
				0312C73F205A65E4002323DD /* 西狭颂007.jpg */,
				0312C741205A65E4002323DD /* 西狭颂008.jpg */,
				0312C73A205A65E3002323DD /* 西狭颂009.jpg */,
				0312C738205A65E3002323DD /* 西狭颂010.jpg */,
				0312C73C205A65E3002323DD /* 西狭颂011.jpg */,
				0312C745205A65E4002323DD /* 西狭颂012.jpg */,
				0312C734205A65E2002323DD /* 西狭颂013.jpg */,
				0312C73B205A65E3002323DD /* 西狭颂014.jpg */,
				0312C742205A65E4002323DD /* 西狭颂015.jpg */,
				0312C746205A65E5002323DD /* 西狭颂016.jpg */,
				0312C73D205A65E3002323DD /* 西狭颂017.jpg */,
				0312C736205A65E3002323DD /* 西狭颂018.jpg */,
				0312C737205A65E3002323DD /* 西狭颂019.jpg */,
				0312C740205A65E4002323DD /* 西狭颂020.jpg */,
				0312C710205A5AE1002323DD /* 西狭颂024.jpg */,
				0312C713205A5AE1002323DD /* 西狭颂025.jpg */,
				0312C714205A5AE1002323DD /* 西狭颂026.jpg */,
				0312C718205A5AE1002323DD /* 西狭颂027.jpg */,
				0312C715205A5AE1002323DD /* 西狭颂028.jpg */,
				0312C717205A5AE1002323DD /* 西狭颂029.jpg */,
				0312C719205A5AE2002323DD /* 西狭颂030.jpg */,
				0312C711205A5AE1002323DD /* 西狭颂031.jpg */,
				0312C71B205A5AE2002323DD /* 西狭颂032.jpg */,
				0312C716205A5AE1002323DD /* 西狭颂033.jpg */,
				0312C71E205A5AE2002323DD /* 西狭颂034.jpg */,
				0312C71F205A5AE2002323DD /* 西狭颂035.jpg */,
				0312C71A205A5AE2002323DD /* 西狭颂036.jpg */,
				0312C712205A5AE1002323DD /* 西狭颂037.jpg */,
				0312C75B205A7095002323DD /* 西狭颂040.jpg */,
				0312C70F205A5AE1002323DD /* 西狭颂038.jpg */,
				0312C75F205A70A4002323DD /* 西狭颂041.jpg */,
				0312C75D205A709A002323DD /* 西狭颂039.jpg */,
				0312C705205A486F002323DD /* 1.jpg */,
				0312C704205A486E002323DD /* 2.jpg */,
				0312C706205A486F002323DD /* 3.jpg */,
			);
			path = Resource;
			sourceTree = "<group>";
		};
		031A00BC212EBA3300257F42 /* AVPlayer */ = {
			isa = PBXGroup;
			children = (
				031A00BD212EBA5300257F42 /* PlayerViewController.h */,
				031A00BE212EBA5300257F42 /* PlayerViewController.m */,
			);
			name = AVPlayer;
			sourceTree = "<group>";
		};
		031EA5E62075EA760042E7A9 /* TideLayer */ = {
			isa = PBXGroup;
			children = (
				031EA5E72075EAC50042E7A9 /* TideLayerViewController.h */,
				031EA5E82075EAC50042E7A9 /* TideLayerViewController.m */,
			);
			path = TideLayer;
			sourceTree = "<group>";
		};
		033147E820EF08E700B66FF1 /* Tool */ = {
			isa = PBXGroup;
			children = (
				0356E0A220F48C6B00B05C1B /* GLTransitionAnimation.h */,
				0356E0A320F48C6B00B05C1B /* GLTransitionAnimation.m */,
				033147E920EF091B00B66FF1 /* WXTransitionManager.h */,
				033147EA20EF091B00B66FF1 /* WXTransitionManager.m */,
			);
			path = Tool;
			sourceTree = "<group>";
		};
		0339DD0D204928DC000C7979 /* RealmTest */ = {
			isa = PBXGroup;
			children = (
				0339DD0A204928D7000C7979 /* RealmViewController.h */,
				0339DD0B204928D7000C7979 /* RealmViewController.m */,
				0339DD11204929C0000C7979 /* Person.h */,
				0339DD12204929C0000C7979 /* Person.m */,
			);
			path = RealmTest;
			sourceTree = "<group>";
		};
		0339DD0E2049296A000C7979 /* FrameWork */ = {
			isa = PBXGroup;
			children = (
				0339DD0F204929A2000C7979 /* Realm.framework */,
			);
			path = FrameWork;
			sourceTree = "<group>";
		};
		03444B4121197F3C00D7C042 /* CommonView */ = {
			isa = PBXGroup;
			children = (
				03444B4221197F5200D7C042 /* ProgressView.h */,
				03444B4321197F5200D7C042 /* ProgressView.m */,
				039A682921216EF100A2BE8B /* CircularRunout.h */,
				039A682A21216EF100A2BE8B /* CircularRunout.m */,
			);
			name = CommonView;
			sourceTree = "<group>";
		};
		03578BA62043DC4D0009D91C /* Category */ = {
			isa = PBXGroup;
			children = (
				03DD19D4208F0E04003D5D61 /* UIViewController+SlidMenu.h */,
				03DD19D5208F0E04003D5D61 /* UIViewController+SlidMenu.m */,
				03E64A00205F58270041AFCE /* MBProgressHUD+Add.h */,
				03E64A01205F58270041AFCE /* MBProgressHUD+Add.m */,
				03A50634202AEA3E00BBEAFD /* UIViewController+Caterory.h */,
				03A50635202AEA3E00BBEAFD /* UIViewController+Caterory.m */,
			);
			path = Category;
			sourceTree = "<group>";
		};
		035ECD4820CE5A18001B4F60 /* Classes */ = {
			isa = PBXGroup;
			children = (
				031A00BC212EBA3300257F42 /* AVPlayer */,
				0399C36820EDBF9800906224 /* TestController */,
				03C1882B20D0FD70005174DA /* RotateController */,
				03C1882420D0FD06005174DA /* BaseClasses */,
				035ECD4920CE5A1F001B4F60 /* NewTemplre */,
				031B36C9211D6A3100381FC2 /* CiFilterViewController.h */,
				031B36CA211D6A3100381FC2 /* CiFilterViewController.m */,
				031B36D1211D6DB300381FC2 /* CiFilterView.h */,
				031B36D2211D6DB300381FC2 /* CiFilterView.m */,
				031B36D4211D73A100381FC2 /* CiFilterModel.h */,
				031B36D5211D73A100381FC2 /* CiFilterModel.m */,
				031B36D7211D788900381FC2 /* CiFilterTableViewCell.h */,
				031B36D8211D788900381FC2 /* CiFilterTableViewCell.m */,
				031B36D9211D788900381FC2 /* CiFilterTableViewCell.xib */,
				031B36CF211D6B5F00381FC2 /* IMG_0332.png */,
				031B36CC211D6AF600381FC2 /* ImageUtil.h */,
				031B36CD211D6AF600381FC2 /* ImageUtil.m */,
			);
			path = Classes;
			sourceTree = "<group>";
		};
		035ECD4920CE5A1F001B4F60 /* NewTemplre */ = {
			isa = PBXGroup;
			children = (
				035ECD4A20CE5A33001B4F60 /* TempleViewController.h */,
				035ECD4B20CE5A33001B4F60 /* TempleViewController.m */,
			);
			name = NewTemplre;
			sourceTree = "<group>";
		};
		036D675C20C033AC00A68F9F /* EncryptionClass */ = {
			isa = PBXGroup;
			children = (
				036D675D20C033C800A68F9F /* EncryptionViewController.h */,
				036D675E20C033C800A68F9F /* EncryptionViewController.m */,
			);
			name = EncryptionClass;
			sourceTree = "<group>";
		};
		037232912064A9630000BD39 /* ShowCornerText */ = {
			isa = PBXGroup;
			children = (
				037232922064A98C0000BD39 /* CornerTextViewController.h */,
				037232932064A98C0000BD39 /* CornerTextViewController.m */,
				037232952064BDED0000BD39 /* CornerTextView.h */,
				037232962064BDED0000BD39 /* CornerTextView.m */,
				03161D95207C958F003ED51E /* MyTextView.h */,
				03161D96207C958F003ED51E /* MyTextView.m */,
			);
			path = ShowCornerText;
			sourceTree = "<group>";
		};
		038F84DA20AD234100B95D50 /* WebVIEW */ = {
			isa = PBXGroup;
			children = (
				038F84DB20AD235900B95D50 /* WebViewViewController.h */,
				038F84DC20AD235900B95D50 /* WebViewViewController.m */,
			);
			path = WebVIEW;
			sourceTree = "<group>";
		};
		0399C36820EDBF9800906224 /* TestController */ = {
			isa = PBXGroup;
			children = (
				0399C36920EDBFB800906224 /* TestViewController.h */,
				0399C36A20EDBFB800906224 /* TestViewController.m */,
			);
			name = TestController;
			sourceTree = "<group>";
		};
		03A505F3202AE66E00BBEAFD = {
			isa = PBXGroup;
			children = (
				03A505FE202AE66E00BBEAFD /* NavigationTest */,
				03A50617202AE66E00BBEAFD /* NavigationTestTests */,
				03A50622202AE66E00BBEAFD /* NavigationTestUITests */,
				03A505FD202AE66E00BBEAFD /* Products */,
				289C65BA629901AC175E5CC8 /* Pods */,
				F90CD6376942F249996F4BFA /* Frameworks */,
			);
			sourceTree = "<group>";
		};
		03A505FD202AE66E00BBEAFD /* Products */ = {
			isa = PBXGroup;
			children = (
				03A505FC202AE66E00BBEAFD /* NavigationTest.app */,
				03A50614202AE66E00BBEAFD /* NavigationTestTests.xctest */,
				03A5061F202AE66E00BBEAFD /* NavigationTestUITests.xctest */,
			);
			name = Products;
			sourceTree = "<group>";
		};
		03A505FE202AE66E00BBEAFD /* NavigationTest */ = {
			isa = PBXGroup;
			children = (
				03444B4121197F3C00D7C042 /* CommonView */,
				033147E820EF08E700B66FF1 /* Tool */,
				035ECD4820CE5A18001B4F60 /* Classes */,
				036D675C20C033AC00A68F9F /* EncryptionClass */,
				038F84DA20AD234100B95D50 /* WebVIEW */,
				03B191DC2090AF5D00EF12EB /* BaseClass */,
				03B191D42090907000EF12EB /* ExmpleController */,
				03DD19D8208F223C003D5D61 /* PNChart */,
				03DD19CD208EBEA7003D5D61 /* MainController */,
				03DBF23320849EE300975EAA /* NSPredicate */,
				031EA5E62075EA760042E7A9 /* TideLayer */,
				037232912064A9630000BD39 /* ShowCornerText */,
				03EA3390204CE03C0060FC7F /* TextKit */,
				03CFC7B22046A13F0096810F /* CollectionCustom */,
				03578BA62043DC4D0009D91C /* Category */,
				0339DD0D204928DC000C7979 /* RealmTest */,
				03A50608202AE66E00BBEAFD /* Assets.xcassets */,
				03B191DB2090AF4600EF12EB /* SupportFile */,
				0312C6FD205A4116002323DD /* Resource */,
				0312C6F9205A1CBE002323DD /* GCD */,
				0339DD0E2049296A000C7979 /* FrameWork */,
			);
			path = NavigationTest;
			sourceTree = "<group>";
		};
		03A50617202AE66E00BBEAFD /* NavigationTestTests */ = {
			isa = PBXGroup;
			children = (
				03A50618202AE66E00BBEAFD /* NavigationTestTests.m */,
				03A5061A202AE66E00BBEAFD /* Info.plist */,
			);
			path = NavigationTestTests;
			sourceTree = "<group>";
		};
		03A50622202AE66E00BBEAFD /* NavigationTestUITests */ = {
			isa = PBXGroup;
			children = (
				03A50623202AE66E00BBEAFD /* NavigationTestUITests.m */,
				03A50625202AE66E00BBEAFD /* Info.plist */,
			);
			path = NavigationTestUITests;
			sourceTree = "<group>";
		};
		03B191D42090907000EF12EB /* ExmpleController */ = {
			isa = PBXGroup;
			children = (
				03B191D52090908B00EF12EB /* ExmapleViewController.h */,
				03B191D62090908B00EF12EB /* ExmapleViewController.m */,
			);
			path = ExmpleController;
			sourceTree = "<group>";
		};
		03B191DB2090AF4600EF12EB /* SupportFile */ = {
			isa = PBXGroup;
			children = (
				03DD19D7208F21D9003D5D61 /* PrefixHeader.pch */,
				03A5060A202AE66E00BBEAFD /* LaunchScreen.storyboard */,
				03A5060D202AE66E00BBEAFD /* Info.plist */,
				03A5060E202AE66E00BBEAFD /* main.m */,
			);
			path = SupportFile;
			sourceTree = "<group>";
		};
		03B191DC2090AF5D00EF12EB /* BaseClass */ = {
			isa = PBXGroup;
			children = (
				03A505FF202AE66E00BBEAFD /* AppDelegate.h */,
				03A50600202AE66E00BBEAFD /* AppDelegate.m */,
				03578BA12043A64F0009D91C /* CoreFoundationViewController.h */,
				03578BA22043A64F0009D91C /* CoreFoundationViewController.m */,
				03B191D82090920400EF12EB /* BaseViewController.h */,
				03B191D92090920400EF12EB /* BaseViewController.m */,
			);
			path = BaseClass;
			sourceTree = "<group>";
		};
		03C1882420D0FD06005174DA /* BaseClasses */ = {
			isa = PBXGroup;
			children = (
				03C1882520D0FD1E005174DA /* BaseNavigationViewController.h */,
				03C1882620D0FD1E005174DA /* BaseNavigationViewController.m */,
			);
			path = BaseClasses;
			sourceTree = "<group>";
		};
		03C1882B20D0FD70005174DA /* RotateController */ = {
			isa = PBXGroup;
			children = (
				03C1882820D0FD6C005174DA /* RotateViewController.h */,
				03C1882920D0FD6C005174DA /* RotateViewController.m */,
			);
			name = RotateController;
			sourceTree = "<group>";
		};
		03CFC7B22046A13F0096810F /* CollectionCustom */ = {
			isa = PBXGroup;
			children = (
				03C6A43B212C7F4E00313444 /* CustomCollectionViewCell.h */,
				03C6A43A212C7F4E00313444 /* CustomCollectionViewCell.m */,
				03CFC7AF2046462B0096810F /* CollectionViewController.h */,
				03CFC7B02046462B0096810F /* CollectionViewController.m */,
				03CFC7B32046A1730096810F /* FlowLayout.h */,
				03CFC7B42046A1730096810F /* FlowLayout.m */,
			);
			path = CollectionCustom;
			sourceTree = "<group>";
		};
		03DBF23320849EE300975EAA /* NSPredicate */ = {
			isa = PBXGroup;
			children = (
				03DBF23420849F0000975EAA /* NSPredicateController.h */,
				03DBF23520849F0000975EAA /* NSPredicateController.m */,
			);
			path = NSPredicate;
			sourceTree = "<group>";
		};
		03DD19CD208EBEA7003D5D61 /* MainController */ = {
			isa = PBXGroup;
			children = (
				03A50602202AE66E00BBEAFD /* ViewController.h */,
				03B191D22090904500EF12EB /* QQChatList.png */,
				03A50603202AE66E00BBEAFD /* ViewController.m */,
				03DD19CE208EBEC5003D5D61 /* MainViewController.h */,
				03DD19CF208EBEC5003D5D61 /* MainViewController.m */,
				03DD19D1208EC00E003D5D61 /* UserViewController.h */,
				03DD19D2208EC00E003D5D61 /* UserViewController.m */,
			);
			path = MainController;
			sourceTree = "<group>";
		};
		03DD19D8208F223C003D5D61 /* PNChart */ = {
			isa = PBXGroup;
			children = (
				03DD19D9208F2250003D5D61 /* PNChartViewController.h */,
				03DD19DA208F2250003D5D61 /* PNChartViewController.m */,
				03612A6820B8479F009E4381 /* PNChartViewController+Extension.h */,
			);
			path = PNChart;
			sourceTree = "<group>";
		};
		03EA3390204CE03C0060FC7F /* TextKit */ = {
			isa = PBXGroup;
			children = (
				03EA3391204CE0510060FC7F /* TextKitUViewController.h */,
				03EA3392204CE0510060FC7F /* TextKitUViewController.m */,
			);
			path = TextKit;
			sourceTree = "<group>";
		};
		289C65BA629901AC175E5CC8 /* Pods */ = {
			isa = PBXGroup;
			children = (
				338305CC1E3114EA25E46EF5 /* Pods-NavigationTest.debug.xcconfig */,
				22C499E2252E0BCC3266A31A /* Pods-NavigationTest.release.xcconfig */,
			);
			name = Pods;
			sourceTree = "<group>";
		};
		F90CD6376942F249996F4BFA /* Frameworks */ = {
			isa = PBXGroup;
			children = (
				6BD808372B865E550F103FA2 /* Pods_NavigationTest.framework */,
			);
			name = Frameworks;
			sourceTree = "<group>";
		};
/* End PBXGroup section */

/* Begin PBXNativeTarget section */
		03A505FB202AE66E00BBEAFD /* NavigationTest */ = {
			isa = PBXNativeTarget;
			buildConfigurationList = 03A50628202AE66E00BBEAFD /* Build configuration list for PBXNativeTarget "NavigationTest" */;
			buildPhases = (
				05E6F192561AF02C9010C669 /* [CP] Check Pods Manifest.lock */,
				03A505F8202AE66E00BBEAFD /* Sources */,
				03A505F9202AE66E00BBEAFD /* Frameworks */,
				03A505FA202AE66E00BBEAFD /* Resources */,
				7FBF0EF8BA85B9E222CA15B7 /* [CP] Embed Pods Frameworks */,
			);
			buildRules = (
			);
			dependencies = (
			);
			name = NavigationTest;
			productName = NavigationTest;
			productReference = 03A505FC202AE66E00BBEAFD /* NavigationTest.app */;
			productType = "com.apple.product-type.application";
		};
		03A50613202AE66E00BBEAFD /* NavigationTestTests */ = {
			isa = PBXNativeTarget;
			buildConfigurationList = 03A5062B202AE66E00BBEAFD /* Build configuration list for PBXNativeTarget "NavigationTestTests" */;
			buildPhases = (
				03A50610202AE66E00BBEAFD /* Sources */,
				03A50611202AE66E00BBEAFD /* Frameworks */,
				03A50612202AE66E00BBEAFD /* Resources */,
			);
			buildRules = (
			);
			dependencies = (
				03A50616202AE66E00BBEAFD /* PBXTargetDependency */,
			);
			name = NavigationTestTests;
			productName = NavigationTestTests;
			productReference = 03A50614202AE66E00BBEAFD /* NavigationTestTests.xctest */;
			productType = "com.apple.product-type.bundle.unit-test";
		};
		03A5061E202AE66E00BBEAFD /* NavigationTestUITests */ = {
			isa = PBXNativeTarget;
			buildConfigurationList = 03A5062E202AE66E00BBEAFD /* Build configuration list for PBXNativeTarget "NavigationTestUITests" */;
			buildPhases = (
				03A5061B202AE66E00BBEAFD /* Sources */,
				03A5061C202AE66E00BBEAFD /* Frameworks */,
				03A5061D202AE66E00BBEAFD /* Resources */,
			);
			buildRules = (
			);
			dependencies = (
				03A50621202AE66E00BBEAFD /* PBXTargetDependency */,
			);
			name = NavigationTestUITests;
			productName = NavigationTestUITests;
			productReference = 03A5061F202AE66E00BBEAFD /* NavigationTestUITests.xctest */;
			productType = "com.apple.product-type.bundle.ui-testing";
		};
/* End PBXNativeTarget section */

/* Begin PBXProject section */
		03A505F4202AE66E00BBEAFD /* Project object */ = {
			isa = PBXProject;
			attributes = {
				LastUpgradeCheck = 0940;
				ORGANIZATIONNAME = "王欣";
				TargetAttributes = {
					03A505FB202AE66E00BBEAFD = {
						CreatedOnToolsVersion = 9.2;
						ProvisioningStyle = Automatic;
					};
					03A50613202AE66E00BBEAFD = {
						CreatedOnToolsVersion = 9.2;
						ProvisioningStyle = Automatic;
						TestTargetID = 03A505FB202AE66E00BBEAFD;
					};
					03A5061E202AE66E00BBEAFD = {
						CreatedOnToolsVersion = 9.2;
						ProvisioningStyle = Automatic;
						TestTargetID = 03A505FB202AE66E00BBEAFD;
					};
				};
			};
			buildConfigurationList = 03A505F7202AE66E00BBEAFD /* Build configuration list for PBXProject "NavigationTest" */;
			compatibilityVersion = "Xcode 8.0";
			developmentRegion = en;
			hasScannedForEncodings = 0;
			knownRegions = (
				en,
				Base,
			);
			mainGroup = 03A505F3202AE66E00BBEAFD;
			productRefGroup = 03A505FD202AE66E00BBEAFD /* Products */;
			projectDirPath = "";
			projectRoot = "";
			targets = (
				03A505FB202AE66E00BBEAFD /* NavigationTest */,
				03A50613202AE66E00BBEAFD /* NavigationTestTests */,
				03A5061E202AE66E00BBEAFD /* NavigationTestUITests */,
			);
		};
/* End PBXProject section */

/* Begin PBXResourcesBuildPhase section */
		03A505FA202AE66E00BBEAFD /* Resources */ = {
			isa = PBXResourcesBuildPhase;
			buildActionMask = 2147483647;
			files = (
				0312C750205A65E5002323DD /* 西狭颂011.jpg in Resources */,
				0312C722205A5AE2002323DD /* 西狭颂038.jpg in Resources */,
				0312C74B205A65E5002323DD /* 西狭颂019.jpg in Resources */,
				031B36DB211D788900381FC2 /* CiFilterTableViewCell.xib in Resources */,
				0312C72C205A5AE2002323DD /* 西狭颂030.jpg in Resources */,
				0312C72A205A5AE2002323DD /* 西狭颂029.jpg in Resources */,
				0312C756205A65E5002323DD /* 西狭颂015.jpg in Resources */,
				0312C731205A5AE2002323DD /* 西狭颂034.jpg in Resources */,
				0312C74D205A65E5002323DD /* 西狭颂006.jpg in Resources */,
				0312C760205A70A4002323DD /* 西狭颂041.jpg in Resources */,
				0312C707205A486F002323DD /* 2.jpg in Resources */,
				0312C730205A5AE2002323DD /* 西狭颂023.jpg in Resources */,
				0312C74F205A65E5002323DD /* 西狭颂014.jpg in Resources */,
				0312C723205A5AE2002323DD /* 西狭颂024.jpg in Resources */,
				03A5060C202AE66E00BBEAFD /* LaunchScreen.storyboard in Resources */,
				0312C729205A5AE2002323DD /* 西狭颂033.jpg in Resources */,
				0312C726205A5AE2002323DD /* 西狭颂025.jpg in Resources */,
				03A50609202AE66E00BBEAFD /* Assets.xcassets in Resources */,
				0312C728205A5AE2002323DD /* 西狭颂028.jpg in Resources */,
				0312C72B205A5AE2002323DD /* 西狭颂027.jpg in Resources */,
				0312C751205A65E5002323DD /* 西狭颂017.jpg in Resources */,
				0312C721205A5AE2002323DD /* 西狭颂022.jpg in Resources */,
				0312C748205A65E5002323DD /* 西狭颂013.jpg in Resources */,
				0312C74E205A65E5002323DD /* 西狭颂009.jpg in Resources */,
				0312C74C205A65E5002323DD /* 西狭颂010.jpg in Resources */,
				0312C725205A5AE2002323DD /* 西狭颂037.jpg in Resources */,
				031B36D0211D6B5F00381FC2 /* IMG_0332.png in Resources */,
				0312C75C205A7096002323DD /* 西狭颂040.jpg in Resources */,
				0312C749205A65E5002323DD /* 西狭颂005.jpg in Resources */,
				0312C724205A5AE2002323DD /* 西狭颂031.jpg in Resources */,
				03578BA52043A76A0009D91C /* 西狭颂001.jpg in Resources */,
				0312C72E205A5AE2002323DD /* 西狭颂032.jpg in Resources */,
				0312C727205A5AE2002323DD /* 西狭颂026.jpg in Resources */,
				0312C754205A65E5002323DD /* 西狭颂020.jpg in Resources */,
				0312C752205A65E5002323DD /* 西狭颂004.jpg in Resources */,
				0312C757205A65E5002323DD /* 西狭颂003.jpg in Resources */,
				0312C755205A65E5002323DD /* 西狭颂008.jpg in Resources */,
				0312C708205A486F002323DD /* 1.jpg in Resources */,
				0312C759205A65E5002323DD /* 西狭颂012.jpg in Resources */,
				0312C732205A5AE2002323DD /* 西狭颂035.jpg in Resources */,
				0312C75A205A65E5002323DD /* 西狭颂016.jpg in Resources */,
				0312C709205A486F002323DD /* 3.jpg in Resources */,
				0312C74A205A65E5002323DD /* 西狭颂018.jpg in Resources */,
				0312C747205A65E5002323DD /* 西狭颂002.jpg in Resources */,
				0312C75E205A709A002323DD /* 西狭颂039.jpg in Resources */,
				0312C72D205A5AE2002323DD /* 西狭颂036.jpg in Resources */,
				03B191D32090904500EF12EB /* QQChatList.png in Resources */,
				0312C753205A65E5002323DD /* 西狭颂007.jpg in Resources */,
				0312C72F205A5AE2002323DD /* 西狭颂021.jpg in Resources */,
			);
			runOnlyForDeploymentPostprocessing = 0;
		};
		03A50612202AE66E00BBEAFD /* Resources */ = {
			isa = PBXResourcesBuildPhase;
			buildActionMask = 2147483647;
			files = (
			);
			runOnlyForDeploymentPostprocessing = 0;
		};
		03A5061D202AE66E00BBEAFD /* Resources */ = {
			isa = PBXResourcesBuildPhase;
			buildActionMask = 2147483647;
			files = (
			);
			runOnlyForDeploymentPostprocessing = 0;
		};
/* End PBXResourcesBuildPhase section */

/* Begin PBXShellScriptBuildPhase section */
		05E6F192561AF02C9010C669 /* [CP] Check Pods Manifest.lock */ = {
			isa = PBXShellScriptBuildPhase;
			buildActionMask = 2147483647;
			files = (
			);
			inputPaths = (
				"${PODS_PODFILE_DIR_PATH}/Podfile.lock",
				"${PODS_ROOT}/Manifest.lock",
			);
			name = "[CP] Check Pods Manifest.lock";
			outputPaths = (
				"$(DERIVED_FILE_DIR)/Pods-NavigationTest-checkManifestLockResult.txt",
			);
			runOnlyForDeploymentPostprocessing = 0;
			shellPath = /bin/sh;
			shellScript = "diff \"${PODS_PODFILE_DIR_PATH}/Podfile.lock\" \"${PODS_ROOT}/Manifest.lock\" > /dev/null\nif [ $? != 0 ] ; then\n    # print error to STDERR\n    echo \"error: The sandbox is not in sync with the Podfile.lock. Run 'pod install' or update your CocoaPods installation.\" >&2\n    exit 1\nfi\n# This output is used by Xcode 'outputs' to avoid re-running this script phase.\necho \"SUCCESS\" > \"${SCRIPT_OUTPUT_FILE_0}\"\n";
			showEnvVarsInLog = 0;
		};
		7FBF0EF8BA85B9E222CA15B7 /* [CP] Embed Pods Frameworks */ = {
			isa = PBXShellScriptBuildPhase;
			buildActionMask = 2147483647;
			files = (
			);
			inputPaths = (
				"${PODS_ROOT}/Target Support Files/Pods-NavigationTest/Pods-NavigationTest-frameworks.sh",
				"${BUILT_PRODUCTS_DIR}/FZRefresh/FZRefresh.framework",
				"${BUILT_PRODUCTS_DIR}/MBProgressHUD/MBProgressHUD.framework",
				"${BUILT_PRODUCTS_DIR}/MJExtension/MJExtension.framework",
				"${BUILT_PRODUCTS_DIR}/Masonry/Masonry.framework",
				"${BUILT_PRODUCTS_DIR}/PNChart/PNChart.framework",
				"${BUILT_PRODUCTS_DIR}/UICountingLabel/UICountingLabel.framework",
			);
			name = "[CP] Embed Pods Frameworks";
			outputPaths = (
				"${TARGET_BUILD_DIR}/${FRAMEWORKS_FOLDER_PATH}/FZRefresh.framework",
				"${TARGET_BUILD_DIR}/${FRAMEWORKS_FOLDER_PATH}/MBProgressHUD.framework",
				"${TARGET_BUILD_DIR}/${FRAMEWORKS_FOLDER_PATH}/MJExtension.framework",
				"${TARGET_BUILD_DIR}/${FRAMEWORKS_FOLDER_PATH}/Masonry.framework",
				"${TARGET_BUILD_DIR}/${FRAMEWORKS_FOLDER_PATH}/PNChart.framework",
				"${TARGET_BUILD_DIR}/${FRAMEWORKS_FOLDER_PATH}/UICountingLabel.framework",
			);
			runOnlyForDeploymentPostprocessing = 0;
			shellPath = /bin/sh;
			shellScript = "\"${PODS_ROOT}/Target Support Files/Pods-NavigationTest/Pods-NavigationTest-frameworks.sh\"\n";
			showEnvVarsInLog = 0;
		};
/* End PBXShellScriptBuildPhase section */

/* Begin PBXSourcesBuildPhase section */
		03A505F8202AE66E00BBEAFD /* Sources */ = {
			isa = PBXSourcesBuildPhase;
			buildActionMask = 2147483647;
			files = (
				03DD19D3208EC00E003D5D61 /* UserViewController.m in Sources */,
				03A50636202AEA3E00BBEAFD /* UIViewController+Caterory.m in Sources */,
				0399C36B20EDBFB800906224 /* TestViewController.m in Sources */,
				038F84DD20AD235900B95D50 /* WebViewViewController.m in Sources */,
				03E64A02205F58280041AFCE /* MBProgressHUD+Add.m in Sources */,
				033147EB20EF091B00B66FF1 /* WXTransitionManager.m in Sources */,
				03A50604202AE66E00BBEAFD /* ViewController.m in Sources */,
				03DD19D0208EBEC5003D5D61 /* MainViewController.m in Sources */,
				03DBF23620849F0000975EAA /* NSPredicateController.m in Sources */,
				03EA3393204CE0510060FC7F /* TextKitUViewController.m in Sources */,
				037232972064BDED0000BD39 /* CornerTextView.m in Sources */,
				03444B4421197F5200D7C042 /* ProgressView.m in Sources */,
				031B36D3211D6DB300381FC2 /* CiFilterView.m in Sources */,
				03C1882A20D0FD6C005174DA /* RotateViewController.m in Sources */,
				03DD19DB208F2250003D5D61 /* PNChartViewController.m in Sources */,
				031B36DA211D788900381FC2 /* CiFilterTableViewCell.m in Sources */,
				0339DD13204929C0000C7979 /* Person.m in Sources */,
				03CFC7B12046462B0096810F /* CollectionViewController.m in Sources */,
				03B191DA2090920400EF12EB /* BaseViewController.m in Sources */,
				03A5060F202AE66E00BBEAFD /* main.m in Sources */,
				031A00BF212EBA5300257F42 /* PlayerViewController.m in Sources */,
				031EA5E92075EAC50042E7A9 /* TideLayerViewController.m in Sources */,
				03B191D72090908B00EF12EB /* ExmapleViewController.m in Sources */,
				03161D97207C958F003ED51E /* MyTextView.m in Sources */,
				031B36D6211D73A100381FC2 /* CiFilterModel.m in Sources */,
				03578BA32043A64F0009D91C /* CoreFoundationViewController.m in Sources */,
				0312C6FC205A1CD6002323DD /* GCDViewController.m in Sources */,
				03DD19D6208F0E04003D5D61 /* UIViewController+SlidMenu.m in Sources */,
				037232942064A98C0000BD39 /* CornerTextViewController.m in Sources */,
				03CFC7B52046A1730096810F /* FlowLayout.m in Sources */,
				03A50601202AE66E00BBEAFD /* AppDelegate.m in Sources */,
				0339DD0C204928D7000C7979 /* RealmViewController.m in Sources */,
				03C6A43C212C7F4E00313444 /* CustomCollectionViewCell.m in Sources */,
				0312C70C205A4DE1002323DD /* TideView.m in Sources */,
				036D675F20C033C800A68F9F /* EncryptionViewController.m in Sources */,
				03C1882720D0FD1E005174DA /* BaseNavigationViewController.m in Sources */,
				035ECD4C20CE5A33001B4F60 /* TempleViewController.m in Sources */,
				031B36CB211D6A3100381FC2 /* CiFilterViewController.m in Sources */,
				0356E0A420F48C6B00B05C1B /* GLTransitionAnimation.m in Sources */,
				039A682B21216EF100A2BE8B /* CircularRunout.m in Sources */,
				031B36CE211D6AF600381FC2 /* ImageUtil.m in Sources */,
			);
			runOnlyForDeploymentPostprocessing = 0;
		};
		03A50610202AE66E00BBEAFD /* Sources */ = {
			isa = PBXSourcesBuildPhase;
			buildActionMask = 2147483647;
			files = (
				03A50619202AE66E00BBEAFD /* NavigationTestTests.m in Sources */,
			);
			runOnlyForDeploymentPostprocessing = 0;
		};
		03A5061B202AE66E00BBEAFD /* Sources */ = {
			isa = PBXSourcesBuildPhase;
			buildActionMask = 2147483647;
			files = (
				03A50624202AE66E00BBEAFD /* NavigationTestUITests.m in Sources */,
			);
			runOnlyForDeploymentPostprocessing = 0;
		};
/* End PBXSourcesBuildPhase section */

/* Begin PBXTargetDependency section */
		03A50616202AE66E00BBEAFD /* PBXTargetDependency */ = {
			isa = PBXTargetDependency;
			target = 03A505FB202AE66E00BBEAFD /* NavigationTest */;
			targetProxy = 03A50615202AE66E00BBEAFD /* PBXContainerItemProxy */;
		};
		03A50621202AE66E00BBEAFD /* PBXTargetDependency */ = {
			isa = PBXTargetDependency;
			target = 03A505FB202AE66E00BBEAFD /* NavigationTest */;
			targetProxy = 03A50620202AE66E00BBEAFD /* PBXContainerItemProxy */;
		};
/* End PBXTargetDependency section */

/* Begin PBXVariantGroup section */
		03A5060A202AE66E00BBEAFD /* LaunchScreen.storyboard */ = {
			isa = PBXVariantGroup;
			children = (
				03A5060B202AE66E00BBEAFD /* Base */,
			);
			name = LaunchScreen.storyboard;
			sourceTree = "<group>";
		};
/* End PBXVariantGroup section */

/* Begin XCBuildConfiguration section */
		03A50626202AE66E00BBEAFD /* Debug */ = {
			isa = XCBuildConfiguration;
			buildSettings = {
				ALWAYS_SEARCH_USER_PATHS = NO;
				CLANG_ANALYZER_NONNULL = YES;
				CLANG_ANALYZER_NUMBER_OBJECT_CONVERSION = YES_AGGRESSIVE;
				CLANG_CXX_LANGUAGE_STANDARD = "gnu++14";
				CLANG_CXX_LIBRARY = "libc++";
				CLANG_ENABLE_MODULES = YES;
				CLANG_ENABLE_OBJC_ARC = YES;
				CLANG_WARN_BLOCK_CAPTURE_AUTORELEASING = YES;
				CLANG_WARN_BOOL_CONVERSION = YES;
				CLANG_WARN_COMMA = YES;
				CLANG_WARN_CONSTANT_CONVERSION = YES;
				CLANG_WARN_DEPRECATED_OBJC_IMPLEMENTATIONS = YES;
				CLANG_WARN_DIRECT_OBJC_ISA_USAGE = YES_ERROR;
				CLANG_WARN_DOCUMENTATION_COMMENTS = YES;
				CLANG_WARN_EMPTY_BODY = YES;
				CLANG_WARN_ENUM_CONVERSION = YES;
				CLANG_WARN_INFINITE_RECURSION = YES;
				CLANG_WARN_INT_CONVERSION = YES;
				CLANG_WARN_NON_LITERAL_NULL_CONVERSION = YES;
				CLANG_WARN_OBJC_IMPLICIT_RETAIN_SELF = YES;
				CLANG_WARN_OBJC_LITERAL_CONVERSION = YES;
				CLANG_WARN_OBJC_ROOT_CLASS = YES_ERROR;
				CLANG_WARN_RANGE_LOOP_ANALYSIS = YES;
				CLANG_WARN_STRICT_PROTOTYPES = YES;
				CLANG_WARN_SUSPICIOUS_MOVE = YES;
				CLANG_WARN_UNGUARDED_AVAILABILITY = YES_AGGRESSIVE;
				CLANG_WARN_UNREACHABLE_CODE = YES;
				CLANG_WARN__DUPLICATE_METHOD_MATCH = YES;
				CODE_SIGN_IDENTITY = "iPhone Developer";
				COPY_PHASE_STRIP = NO;
				DEBUG_INFORMATION_FORMAT = "dwarf-with-dsym";
				ENABLE_STRICT_OBJC_MSGSEND = YES;
				ENABLE_TESTABILITY = YES;
				GCC_C_LANGUAGE_STANDARD = gnu11;
				GCC_DYNAMIC_NO_PIC = NO;
				GCC_NO_COMMON_BLOCKS = YES;
				GCC_OPTIMIZATION_LEVEL = 0;
				GCC_PRECOMPILE_PREFIX_HEADER = "$(inherited)";
				GCC_PREFIX_HEADER = "$(inherited)";
				GCC_PREPROCESSOR_DEFINITIONS = (
					"DEBUG=1",
					"$(inherited)",
				);
				GCC_WARN_64_TO_32_BIT_CONVERSION = YES;
				GCC_WARN_ABOUT_RETURN_TYPE = YES_ERROR;
				GCC_WARN_UNDECLARED_SELECTOR = YES;
				GCC_WARN_UNINITIALIZED_AUTOS = YES_AGGRESSIVE;
				GCC_WARN_UNUSED_FUNCTION = YES;
				GCC_WARN_UNUSED_VARIABLE = YES;
				IPHONEOS_DEPLOYMENT_TARGET = 11.2;
				MTL_ENABLE_DEBUG_INFO = YES;
				ONLY_ACTIVE_ARCH = YES;
				SDKROOT = iphoneos;
			};
			name = Debug;
		};
		03A50627202AE66E00BBEAFD /* Release */ = {
			isa = XCBuildConfiguration;
			buildSettings = {
				ALWAYS_SEARCH_USER_PATHS = NO;
				CLANG_ANALYZER_NONNULL = YES;
				CLANG_ANALYZER_NUMBER_OBJECT_CONVERSION = YES_AGGRESSIVE;
				CLANG_CXX_LANGUAGE_STANDARD = "gnu++14";
				CLANG_CXX_LIBRARY = "libc++";
				CLANG_ENABLE_MODULES = YES;
				CLANG_ENABLE_OBJC_ARC = YES;
				CLANG_WARN_BLOCK_CAPTURE_AUTORELEASING = YES;
				CLANG_WARN_BOOL_CONVERSION = YES;
				CLANG_WARN_COMMA = YES;
				CLANG_WARN_CONSTANT_CONVERSION = YES;
				CLANG_WARN_DEPRECATED_OBJC_IMPLEMENTATIONS = YES;
				CLANG_WARN_DIRECT_OBJC_ISA_USAGE = YES_ERROR;
				CLANG_WARN_DOCUMENTATION_COMMENTS = YES;
				CLANG_WARN_EMPTY_BODY = YES;
				CLANG_WARN_ENUM_CONVERSION = YES;
				CLANG_WARN_INFINITE_RECURSION = YES;
				CLANG_WARN_INT_CONVERSION = YES;
				CLANG_WARN_NON_LITERAL_NULL_CONVERSION = YES;
				CLANG_WARN_OBJC_IMPLICIT_RETAIN_SELF = YES;
				CLANG_WARN_OBJC_LITERAL_CONVERSION = YES;
				CLANG_WARN_OBJC_ROOT_CLASS = YES_ERROR;
				CLANG_WARN_RANGE_LOOP_ANALYSIS = YES;
				CLANG_WARN_STRICT_PROTOTYPES = YES;
				CLANG_WARN_SUSPICIOUS_MOVE = YES;
				CLANG_WARN_UNGUARDED_AVAILABILITY = YES_AGGRESSIVE;
				CLANG_WARN_UNREACHABLE_CODE = YES;
				CLANG_WARN__DUPLICATE_METHOD_MATCH = YES;
				CODE_SIGN_IDENTITY = "iPhone Developer";
				COPY_PHASE_STRIP = NO;
				DEBUG_INFORMATION_FORMAT = "dwarf-with-dsym";
				ENABLE_NS_ASSERTIONS = NO;
				ENABLE_STRICT_OBJC_MSGSEND = YES;
				GCC_C_LANGUAGE_STANDARD = gnu11;
				GCC_NO_COMMON_BLOCKS = YES;
				GCC_PRECOMPILE_PREFIX_HEADER = "$(inherited)";
				GCC_PREFIX_HEADER = "$(inherited)";
				GCC_WARN_64_TO_32_BIT_CONVERSION = YES;
				GCC_WARN_ABOUT_RETURN_TYPE = YES_ERROR;
				GCC_WARN_UNDECLARED_SELECTOR = YES;
				GCC_WARN_UNINITIALIZED_AUTOS = YES_AGGRESSIVE;
				GCC_WARN_UNUSED_FUNCTION = YES;
				GCC_WARN_UNUSED_VARIABLE = YES;
				IPHONEOS_DEPLOYMENT_TARGET = 11.2;
				MTL_ENABLE_DEBUG_INFO = NO;
				SDKROOT = iphoneos;
				VALIDATE_PRODUCT = YES;
			};
			name = Release;
		};
		03A50629202AE66E00BBEAFD /* Debug */ = {
			isa = XCBuildConfiguration;
			baseConfigurationReference = 338305CC1E3114EA25E46EF5 /* Pods-NavigationTest.debug.xcconfig */;
			buildSettings = {
				ALWAYS_EMBED_SWIFT_STANDARD_LIBRARIES = YES;
				ASSETCATALOG_COMPILER_APPICON_NAME = AppIcon;
				CODE_SIGN_STYLE = Automatic;
				DEVELOPMENT_TEAM = 7C9R69W445;
				FRAMEWORK_SEARCH_PATHS = (
					"$(inherited)",
					"$(PROJECT_DIR)/NavigationTest/FrameWork",
				);
				GCC_INCREASE_PRECOMPILED_HEADER_SHARING = NO;
				GCC_PRECOMPILE_PREFIX_HEADER = "$(inherited)";
				GCC_PREFIX_HEADER = "$(SRCROOT)/NavigationTest/SupportFile/PrefixHeader.pch";
				INFOPLIST_FILE = NavigationTest/SupportFile/Info.plist;
				IPHONEOS_DEPLOYMENT_TARGET = 8.0;
				LD_RUNPATH_SEARCH_PATHS = "$(inherited) @executable_path/Frameworks";
				PRODUCT_BUNDLE_IDENTIFIER = CustomDemo.NavigationTest;
				PRODUCT_NAME = "$(TARGET_NAME)";
				TARGETED_DEVICE_FAMILY = 1;
				USER_HEADER_SEARCH_PATHS = "$(inherited)";
			};
			name = Debug;
		};
		03A5062A202AE66E00BBEAFD /* Release */ = {
			isa = XCBuildConfiguration;
			baseConfigurationReference = 22C499E2252E0BCC3266A31A /* Pods-NavigationTest.release.xcconfig */;
			buildSettings = {
				ALWAYS_EMBED_SWIFT_STANDARD_LIBRARIES = YES;
				ASSETCATALOG_COMPILER_APPICON_NAME = AppIcon;
				CODE_SIGN_STYLE = Automatic;
				DEVELOPMENT_TEAM = 7C9R69W445;
				FRAMEWORK_SEARCH_PATHS = (
					"$(inherited)",
					"$(PROJECT_DIR)/NavigationTest/FrameWork",
				);
				GCC_INCREASE_PRECOMPILED_HEADER_SHARING = NO;
				GCC_PRECOMPILE_PREFIX_HEADER = "$(inherited)";
				GCC_PREFIX_HEADER = "$(SRCROOT)/NavigationTest/SupportFile/PrefixHeader.pch";
				INFOPLIST_FILE = NavigationTest/SupportFile/Info.plist;
				IPHONEOS_DEPLOYMENT_TARGET = 8.0;
				LD_RUNPATH_SEARCH_PATHS = "$(inherited) @executable_path/Frameworks";
				PRODUCT_BUNDLE_IDENTIFIER = CustomDemo.NavigationTest;
				PRODUCT_NAME = "$(TARGET_NAME)";
				TARGETED_DEVICE_FAMILY = 1;
				USER_HEADER_SEARCH_PATHS = "$(inherited)";
			};
			name = Release;
		};
		03A5062C202AE66E00BBEAFD /* Debug */ = {
			isa = XCBuildConfiguration;
			buildSettings = {
				BUNDLE_LOADER = "$(TEST_HOST)";
				CODE_SIGN_STYLE = Automatic;
				DEVELOPMENT_TEAM = SP889REF75;
				INFOPLIST_FILE = NavigationTestTests/Info.plist;
				LD_RUNPATH_SEARCH_PATHS = "$(inherited) @executable_path/Frameworks @loader_path/Frameworks";
				PRODUCT_BUNDLE_IDENTIFIER = "--.NavigationTestTests";
				PRODUCT_NAME = "$(TARGET_NAME)";
				TARGETED_DEVICE_FAMILY = "1,2";
				TEST_HOST = "$(BUILT_PRODUCTS_DIR)/NavigationTest.app/NavigationTest";
			};
			name = Debug;
		};
		03A5062D202AE66E00BBEAFD /* Release */ = {
			isa = XCBuildConfiguration;
			buildSettings = {
				BUNDLE_LOADER = "$(TEST_HOST)";
				CODE_SIGN_STYLE = Automatic;
				DEVELOPMENT_TEAM = SP889REF75;
				INFOPLIST_FILE = NavigationTestTests/Info.plist;
				LD_RUNPATH_SEARCH_PATHS = "$(inherited) @executable_path/Frameworks @loader_path/Frameworks";
				PRODUCT_BUNDLE_IDENTIFIER = "--.NavigationTestTests";
				PRODUCT_NAME = "$(TARGET_NAME)";
				TARGETED_DEVICE_FAMILY = "1,2";
				TEST_HOST = "$(BUILT_PRODUCTS_DIR)/NavigationTest.app/NavigationTest";
			};
			name = Release;
		};
		03A5062F202AE66E00BBEAFD /* Debug */ = {
			isa = XCBuildConfiguration;
			buildSettings = {
				CODE_SIGN_STYLE = Automatic;
				DEVELOPMENT_TEAM = SP889REF75;
				INFOPLIST_FILE = NavigationTestUITests/Info.plist;
				LD_RUNPATH_SEARCH_PATHS = "$(inherited) @executable_path/Frameworks @loader_path/Frameworks";
				PRODUCT_BUNDLE_IDENTIFIER = "--.NavigationTestUITests";
				PRODUCT_NAME = "$(TARGET_NAME)";
				TARGETED_DEVICE_FAMILY = "1,2";
				TEST_TARGET_NAME = NavigationTest;
			};
			name = Debug;
		};
		03A50630202AE66E00BBEAFD /* Release */ = {
			isa = XCBuildConfiguration;
			buildSettings = {
				CODE_SIGN_STYLE = Automatic;
				DEVELOPMENT_TEAM = SP889REF75;
				INFOPLIST_FILE = NavigationTestUITests/Info.plist;
				LD_RUNPATH_SEARCH_PATHS = "$(inherited) @executable_path/Frameworks @loader_path/Frameworks";
				PRODUCT_BUNDLE_IDENTIFIER = "--.NavigationTestUITests";
				PRODUCT_NAME = "$(TARGET_NAME)";
				TARGETED_DEVICE_FAMILY = "1,2";
				TEST_TARGET_NAME = NavigationTest;
			};
			name = Release;
		};
/* End XCBuildConfiguration section */

/* Begin XCConfigurationList section */
		03A505F7202AE66E00BBEAFD /* Build configuration list for PBXProject "NavigationTest" */ = {
			isa = XCConfigurationList;
			buildConfigurations = (
				03A50626202AE66E00BBEAFD /* Debug */,
				03A50627202AE66E00BBEAFD /* Release */,
			);
			defaultConfigurationIsVisible = 0;
			defaultConfigurationName = Release;
		};
		03A50628202AE66E00BBEAFD /* Build configuration list for PBXNativeTarget "NavigationTest" */ = {
			isa = XCConfigurationList;
			buildConfigurations = (
				03A50629202AE66E00BBEAFD /* Debug */,
				03A5062A202AE66E00BBEAFD /* Release */,
			);
			defaultConfigurationIsVisible = 0;
			defaultConfigurationName = Release;
		};
		03A5062B202AE66E00BBEAFD /* Build configuration list for PBXNativeTarget "NavigationTestTests" */ = {
			isa = XCConfigurationList;
			buildConfigurations = (
				03A5062C202AE66E00BBEAFD /* Debug */,
				03A5062D202AE66E00BBEAFD /* Release */,
			);
			defaultConfigurationIsVisible = 0;
			defaultConfigurationName = Release;
		};
		03A5062E202AE66E00BBEAFD /* Build configuration list for PBXNativeTarget "NavigationTestUITests" */ = {
			isa = XCConfigurationList;
			buildConfigurations = (
				03A5062F202AE66E00BBEAFD /* Debug */,
				03A50630202AE66E00BBEAFD /* Release */,
			);
			defaultConfigurationIsVisible = 0;
			defaultConfigurationName = Release;
		};
/* End XCConfigurationList section */
	};
	rootObject = 03A505F4202AE66E00BBEAFD /* Project object */;
}
